
Microsoft Visual Studio Solution File, Format Version 12.00
# Visual Studio 15
VisualStudioVersion = 15.0.26228.9
MinimumVisualStudioVersion = 10.0.40219.1
Project("{FAE04EC0-301F-11D3-BF4B-00C04F79EFBC}") = "Gakuyu", "Weigh\Gakuyu.csproj", "{F238C26C-ECB2-44AE-B624-C0167FE8EB68}"
EndProject
Project("{FAE04EC0-301F-11D3-BF4B-00C04F79EFBC}") = "Collection Service", "..\Collection Service\Collection\Collection Service.csproj", "{F55ED1EB-61BD-4BAB-B284-7BDF9FB623DB}"
EndProject
Project("{FAE04EC0-301F-11D3-BF4B-00C04F79EFBC}") = "Logging", "..\Mobile\S-Mobile\Logging\Logging.csproj", "{1C78E6B7-870D-41D4-8234-FB43FE8B16B9}"
EndProject
Project("{FAE04EC0-301F-11D3-BF4B-00C04F79EFBC}") = "Muramuki", "Muramuki\Weigh\Muramuki.csproj", "{31807923-86AA-46C3-9080-A683110BEFE0}"
EndProject
Project("{FAE04EC0-301F-11D3-BF4B-00C04F79EFBC}") = "RunCodunit", "..\RunCodunits\RunCodunit\RunCodunit.csproj", "{2AE99794-F9D4-45CB-90C1-34A3D6BF7913}"
EndProject
Project("{FAE04EC0-301F-11D3-BF4B-00C04F79EFBC}") = "Demo", "Inuka\Weigh\Demo.csproj", "{2D62B41C-4713-4389-8483-CE0AF050A512}"
EndProject
Project("{FAE04EC0-301F-11D3-BF4B-00C04F79EFBC}") = "Rumukia", "Rumukia1\Weigh\Rumukia.csproj", "{7F5FA29B-5CB4-49AA-AFC8-771903EF9056}"
EndProject
Project("{FAE04EC0-301F-11D3-BF4B-00C04F79EFBC}") = "Ruthaka", "Ruthaka1\Weigh\Ruthaka.csproj", "{CF2867D3-A8BB-41F8-9F06-60FA99E13637}"
EndProject
Project("{FAE04EC0-301F-11D3-BF4B-00C04F79EFBC}") = "Poll", "Poll\Poll.csproj", "{EA7EF4D3-BD72-4C5E-95E4-F0F897E0E7DD}"
EndProject
Project("{FAE04EC0-301F-11D3-BF4B-00C04F79EFBC}") = "WcfService1", "WcfService1\WcfService1.csproj", "{F34A3EEF-7FC6-45DC-B527-93AE48577039}"
EndProject
Project("{FAE04EC0-301F-11D3-BF4B-00C04F79EFBC}") = "Rugi", "Rugi\Weigh\Rugi.csproj", "{F2BC80D6-CE18-43FC-93B7-DA7017B8ECE0}"
EndProject
Project("{FAE04EC0-301F-11D3-BF4B-00C04F79EFBC}") = "Mugaga", "Mugaga\Weigh\Mugaga.csproj", "{479BB569-8FB8-45B4-9DFF-2FAA30983AE4}"
EndProject
Project("{FAE04EC0-301F-11D3-BF4B-00C04F79EFBC}") = "Test", "Test\Test.csproj", "{9C6E8174-7560-4D01-BFB6-B229680E1CF8}"
EndProject
Project("{FAE04EC0-301F-11D3-BF4B-00C04F79EFBC}") = "Sendsms", "..\Sendsms\Sendsms\Sendsms.csproj", "{231B7D65-2853-4F46-92A8-5A345EE226A0}"
EndProject
Project("{FAE04EC0-301F-11D3-BF4B-00C04F79EFBC}") = "Sendsm35", "..\Sendsms3.5\Sendsms\Sendsm35.csproj", "{D234DFEE-4126-457F-B258-1B3F1A84D74F}"
EndProject
Project("{FAE04EC0-301F-11D3-BF4B-00C04F79EFBC}") = "Rwama", "Rwama 1.1\Rwama.csproj", "{C1006B7A-3703-48D0-B5E1-7E19CD5ABDFF}"
EndProject
Project("{F184B08F-C81C-45F6-A57F-5ABD9991F28F}") = "RegisterUrl", "RegisterUrl\RegisterUrl.vbproj", "{D26A6489-E401-490E-B684-4F35DCB054EC}"
EndProject
Project("{FAE04EC0-301F-11D3-BF4B-00C04F79EFBC}") = "IPN", "..\..\Mpesa\C2B\IPN\IPN.csproj", "{187A4CE1-F751-4D55-A832-951F88718B68}"
EndProject
Project("{FAE04EC0-301F-11D3-BF4B-00C04F79EFBC}") = "HandinHand", "..\..\NAV\HandinHand\RunCodunit\HandinHand.csproj", "{99ABF9EC-888E-4C11-BA0B-D6BA09D4713E}"
EndProject
Project("{FAE04EC0-301F-11D3-BF4B-00C04F79EFBC}") = "Kiviuvi", "Kivuivi\Kiviuvi.csproj", "{E9B3F2E7-7B7A-44AE-AAD8-8780918FB8F7}"
EndProject
Project("{FAE04EC0-301F-11D3-BF4B-00C04F79EFBC}") = "Mpesa", "Mpesa\Mpesa.csproj", "{AA6233FB-F448-426E-8DE0-128C17B4B904}"
EndProject
Project("{FAE04EC0-301F-11D3-BF4B-00C04F79EFBC}") = "Kirurumwe", "Kirurumwe\Kirurumwe.csproj", "{D534362A-510E-4F79-B469-980C4E7C2642}"
EndProject
Project("{FAE04EC0-301F-11D3-BF4B-00C04F79EFBC}") = "Iria-ini", "Iria-ini\Iria-ini.csproj", "{C14F77B6-6CCA-40AA-80AD-E9E6A9DE16CD}"
EndProject
Project("{FAE04EC0-301F-11D3-BF4B-00C04F79EFBC}") = "Kiriti", "Kiriti\Kiriti.csproj", "{337A405D-81FB-4260-AE44-892DE7441159}"
EndProject
Project("{FAE04EC0-301F-11D3-BF4B-00C04F79EFBC}") = "Kiama", "Kiama 1.1\Kiama.csproj", "{1FBF9C0B-EEBE-4E54-9186-C1722A3C5141}"
EndProject
Project("{FAE04EC0-301F-11D3-BF4B-00C04F79EFBC}") = "Coffee", "Coffee\Coffee.csproj", "{DA73AAE7-B1E2-4CFC-AF44-532340C7E34E}"
EndProject
Project("{FAE04EC0-301F-11D3-BF4B-00C04F79EFBC}") = "Mpesa Api", "Mpesa Api\Mpesa Api.csproj", "{1E64785A-9FF4-4676-B29D-BE8A2343220D}"
EndProject
Project("{FAE04EC0-301F-11D3-BF4B-00C04F79EFBC}") = "Sync", "..\Sync\Sync.csproj", "{66664D4B-8245-4A99-BDB1-8013B73228FE}"
EndProject
Project("{FAE04EC0-301F-11D3-BF4B-00C04F79EFBC}") = "Rugi 1.1", "Rugi 1.1\Rugi 1.1.csproj", "{48967C20-33FA-41E0-AE79-483D0964C429}"
EndProject
Project("{FAE04EC0-301F-11D3-BF4B-00C04F79EFBC}") = "Kaganda", "Kaganda\Kaganda.csproj", "{558935C6-F393-46B6-AA53-AB7072B868B3}"
EndProject
Project("{FAE04EC0-301F-11D3-BF4B-00C04F79EFBC}") = "Ruthaka 1.1", "Ruthaka 1.1\Ruthaka 1.1.csproj", "{A0935163-19C0-473D-8B74-EDDB25F78864}"
EndProject
Project("{FAE04EC0-301F-11D3-BF4B-00C04F79EFBC}") = "Muramuki 1.1", "Muramuki 1.1\Muramuki 1.1.csproj", "{9BBA569A-9BAA-434D-8FF6-77BCBF5C7F50}"
EndProject
Project("{FAE04EC0-301F-11D3-BF4B-00C04F79EFBC}") = "Rumukia 1.1", "Rumukia 1.1\Rumukia 1.1.csproj", "{3FBA0A30-70AE-4E9B-8E75-650D04DD44E3}"
EndProject
Project("{FAE04EC0-301F-11D3-BF4B-00C04F79EFBC}") = "Kibugu", "Kibugu\Kibugu.csproj", "{DD84A030-7BCD-449B-BFB0-A319AF27DA9E}"
EndProject
Project("{FAE04EC0-301F-11D3-BF4B-00C04F79EFBC}") = "Mugaga 1.1", "Mugaga 1.1\Mugaga 1.1.csproj", "{1F742847-C8CF-4E7B-A716-34B5E0FC10BE}"
EndProject
Project("{FAE04EC0-301F-11D3-BF4B-00C04F79EFBC}") = "Thuita", "Thuita\Thuita.csproj", "{D31831C7-CCBB-470C-B9B6-54C8AF0F8C08}"
EndProject
Project("{FAE04EC0-301F-11D3-BF4B-00C04F79EFBC}") = "Kiangagwa", "Kiangangwa\Kiangagwa.csproj", "{2E06AD16-63EB-49B2-8ECA-F1C7808C3A33}"
EndProject
Project("{FAE04EC0-301F-11D3-BF4B-00C04F79EFBC}") = "Gatukuyu", "Gatukuyu\Gatukuyu.csproj", "{5026B41B-B456-4E4C-8241-D8FA3C8042ED}"
EndProject
Project("{FAE04EC0-301F-11D3-BF4B-00C04F79EFBC}") = "Kariua", "Kariua\Kariua.csproj", "{14599372-8455-4B2B-B1F8-B217CBF9ADF2}"
EndProject
Project("{FAE04EC0-301F-11D3-BF4B-00C04F79EFBC}") = "Kahiriga", "Kahiriga\Kahiriga.csproj", "{3936A2D0-BDB0-4E9E-9261-BF3B111DECC4}"
EndProject
Project("{FAE04EC0-301F-11D3-BF4B-00C04F79EFBC}") = "Monitor", "..\Monitor\Monitor.csproj", "{11772E84-801D-42CD-813D-D13A398293BA}"
EndProject
Project("{FAE04EC0-301F-11D3-BF4B-00C04F79EFBC}") = "Kirimiri", "Kirimiri\Kirimiri.csproj", "{A38A6006-F09C-4CAC-85E9-D3F93134EA18}"
EndProject
Project("{FAE04EC0-301F-11D3-BF4B-00C04F79EFBC}") = "Matatu", "..\Matatu Service\Matatu.csproj", "{3CF03379-53E7-464C-BA9C-52836ED8D8C9}"
EndProject
Project("{FAE04EC0-301F-11D3-BF4B-00C04F79EFBC}") = "Coffee Service", "..\Coffee service\Coffee Service.csproj", "{8ADBE4BE-F540-4822-9849-57E82A18F858}"
EndProject
Project("{FAE04EC0-301F-11D3-BF4B-00C04F79EFBC}") = "Baraka", "..\Baraka\MobileService\Baraka.csproj", "{602E2C94-90C3-4EED-A4B1-3CB0AB6D9C5A}"
EndProject
Project("{FAE04EC0-301F-11D3-BF4B-00C04F79EFBC}") = "Thima", "Thima\Thima.csproj", "{5F9DE9E0-1F8F-4C7E-8FBF-76AC7E437E17}"
EndProject
Project("{FAE04EC0-301F-11D3-BF4B-00C04F79EFBC}") = "Nyala", "..\Milk\Nyala.csproj", "{1D5F5835-265A-4EE7-BF4A-6524189F05E8}"
EndProject
Project("{FAE04EC0-301F-11D3-BF4B-00C04F79EFBC}") = "Sheria", "..\Sheria\MobileService\Sheria.csproj", "{B1FA79E7-2DC7-4820-8B90-1E7EEB8D9CE5}"
EndProject
Project("{FAE04EC0-301F-11D3-BF4B-00C04F79EFBC}") = "Homabay", "..\Homabay\Collection\Homabay.csproj", "{1DBC8173-C603-47C7-9D43-963B33637356}"
EndProject
Project("{FAE04EC0-301F-11D3-BF4B-00C04F79EFBC}") = "Data", "..\Data\Data.csproj", "{5F0AE3F8-6C53-48CB-A3C9-23E5A1271F00}"
EndProject
Project("{FAE04EC0-301F-11D3-BF4B-00C04F79EFBC}") = "Roret", "Roret\Roret.csproj", "{418EB3C8-9BBF-435A-B59F-32DAF31F4CCF}"
EndProject
Project("{FAE04EC0-301F-11D3-BF4B-00C04F79EFBC}") = "PAWDEP", "..\Pawdep\Collection\PAWDEP.csproj", "{4ABA9A0C-919E-4552-99F1-CDCBE3379C27}"
EndProject
Project("{FAE04EC0-301F-11D3-BF4B-00C04F79EFBC}") = "Marumi", "MARUMI\Marumi.csproj", "{6EE21F23-0E16-486D-AEAF-562BEC59CCB0}"
EndProject
Global
	GlobalSection(SolutionConfigurationPlatforms) = preSolution
		Debug|Any CPU = Debug|Any CPU
		Debug|Mixed Platforms = Debug|Mixed Platforms
		Debug|x86 = Debug|x86
		Release|Any CPU = Release|Any CPU
		Release|Mixed Platforms = Release|Mixed Platforms
		Release|x86 = Release|x86
	EndGlobalSection
	GlobalSection(ProjectConfigurationPlatforms) = postSolution
		{F238C26C-ECB2-44AE-B624-C0167FE8EB68}.Debug|Any CPU.ActiveCfg = Debug|Any CPU
		{F238C26C-ECB2-44AE-B624-C0167FE8EB68}.Debug|Any CPU.Build.0 = Debug|Any CPU
		{F238C26C-ECB2-44AE-B624-C0167FE8EB68}.Debug|Mixed Platforms.ActiveCfg = Debug|Any CPU
		{F238C26C-ECB2-44AE-B624-C0167FE8EB68}.Debug|Mixed Platforms.Build.0 = Debug|Any CPU
		{F238C26C-ECB2-44AE-B624-C0167FE8EB68}.Debug|x86.ActiveCfg = Debug|Any CPU
		{F238C26C-ECB2-44AE-B624-C0167FE8EB68}.Debug|x86.Build.0 = Debug|Any CPU
		{F238C26C-ECB2-44AE-B624-C0167FE8EB68}.Release|Any CPU.ActiveCfg = Release|Any CPU
		{F238C26C-ECB2-44AE-B624-C0167FE8EB68}.Release|Any CPU.Build.0 = Release|Any CPU
		{F238C26C-ECB2-44AE-B624-C0167FE8EB68}.Release|Mixed Platforms.ActiveCfg = Release|Any CPU
		{F238C26C-ECB2-44AE-B624-C0167FE8EB68}.Release|Mixed Platforms.Build.0 = Release|Any CPU
		{F238C26C-ECB2-44AE-B624-C0167FE8EB68}.Release|x86.ActiveCfg = Release|Any CPU
		{F238C26C-ECB2-44AE-B624-C0167FE8EB68}.Release|x86.Build.0 = Release|Any CPU
		{F55ED1EB-61BD-4BAB-B284-7BDF9FB623DB}.Debug|Any CPU.ActiveCfg = Debug|Any CPU
		{F55ED1EB-61BD-4BAB-B284-7BDF9FB623DB}.Debug|Any CPU.Build.0 = Debug|Any CPU
		{F55ED1EB-61BD-4BAB-B284-7BDF9FB623DB}.Debug|Mixed Platforms.ActiveCfg = Debug|Any CPU
		{F55ED1EB-61BD-4BAB-B284-7BDF9FB623DB}.Debug|Mixed Platforms.Build.0 = Debug|Any CPU
		{F55ED1EB-61BD-4BAB-B284-7BDF9FB623DB}.Debug|x86.ActiveCfg = Debug|Any CPU
		{F55ED1EB-61BD-4BAB-B284-7BDF9FB623DB}.Debug|x86.Build.0 = Debug|Any CPU
		{F55ED1EB-61BD-4BAB-B284-7BDF9FB623DB}.Release|Any CPU.ActiveCfg = Release|Any CPU
		{F55ED1EB-61BD-4BAB-B284-7BDF9FB623DB}.Release|Any CPU.Build.0 = Release|Any CPU
		{F55ED1EB-61BD-4BAB-B284-7BDF9FB623DB}.Release|Mixed Platforms.ActiveCfg = Release|Any CPU
		{F55ED1EB-61BD-4BAB-B284-7BDF9FB623DB}.Release|Mixed Platforms.Build.0 = Release|Any CPU
		{F55ED1EB-61BD-4BAB-B284-7BDF9FB623DB}.Release|x86.ActiveCfg = Release|Any CPU
		{F55ED1EB-61BD-4BAB-B284-7BDF9FB623DB}.Release|x86.Build.0 = Release|Any CPU
		{1C78E6B7-870D-41D4-8234-FB43FE8B16B9}.Debug|Any CPU.ActiveCfg = Debug|Any CPU
		{1C78E6B7-870D-41D4-8234-FB43FE8B16B9}.Debug|Any CPU.Build.0 = Debug|Any CPU
		{1C78E6B7-870D-41D4-8234-FB43FE8B16B9}.Debug|Mixed Platforms.ActiveCfg = Debug|Any CPU
		{1C78E6B7-870D-41D4-8234-FB43FE8B16B9}.Debug|Mixed Platforms.Build.0 = Debug|Any CPU
		{1C78E6B7-870D-41D4-8234-FB43FE8B16B9}.Debug|x86.ActiveCfg = Debug|Any CPU
		{1C78E6B7-870D-41D4-8234-FB43FE8B16B9}.Debug|x86.Build.0 = Debug|Any CPU
		{1C78E6B7-870D-41D4-8234-FB43FE8B16B9}.Release|Any CPU.ActiveCfg = Release|Any CPU
		{1C78E6B7-870D-41D4-8234-FB43FE8B16B9}.Release|Any CPU.Build.0 = Release|Any CPU
		{1C78E6B7-870D-41D4-8234-FB43FE8B16B9}.Release|Mixed Platforms.ActiveCfg = Release|Any CPU
		{1C78E6B7-870D-41D4-8234-FB43FE8B16B9}.Release|Mixed Platforms.Build.0 = Release|Any CPU
		{1C78E6B7-870D-41D4-8234-FB43FE8B16B9}.Release|x86.ActiveCfg = Release|Any CPU
		{1C78E6B7-870D-41D4-8234-FB43FE8B16B9}.Release|x86.Build.0 = Release|Any CPU
		{31807923-86AA-46C3-9080-A683110BEFE0}.Debug|Any CPU.ActiveCfg = Debug|Any CPU
		{31807923-86AA-46C3-9080-A683110BEFE0}.Debug|Any CPU.Build.0 = Debug|Any CPU
		{31807923-86AA-46C3-9080-A683110BEFE0}.Debug|Mixed Platforms.ActiveCfg = Debug|Any CPU
		{31807923-86AA-46C3-9080-A683110BEFE0}.Debug|Mixed Platforms.Build.0 = Debug|Any CPU
		{31807923-86AA-46C3-9080-A683110BEFE0}.Debug|x86.ActiveCfg = Debug|Any CPU
		{31807923-86AA-46C3-9080-A683110BEFE0}.Debug|x86.Build.0 = Debug|Any CPU
		{31807923-86AA-46C3-9080-A683110BEFE0}.Release|Any CPU.ActiveCfg = Release|Any CPU
		{31807923-86AA-46C3-9080-A683110BEFE0}.Release|Any CPU.Build.0 = Release|Any CPU
		{31807923-86AA-46C3-9080-A683110BEFE0}.Release|Mixed Platforms.ActiveCfg = Release|Any CPU
		{31807923-86AA-46C3-9080-A683110BEFE0}.Release|Mixed Platforms.Build.0 = Release|Any CPU
		{31807923-86AA-46C3-9080-A683110BEFE0}.Release|x86.ActiveCfg = Release|Any CPU
		{31807923-86AA-46C3-9080-A683110BEFE0}.Release|x86.Build.0 = Release|Any CPU
		{2AE99794-F9D4-45CB-90C1-34A3D6BF7913}.Debug|Any CPU.ActiveCfg = Debug|x86
		{2AE99794-F9D4-45CB-90C1-34A3D6BF7913}.Debug|Mixed Platforms.ActiveCfg = Debug|x86
		{2AE99794-F9D4-45CB-90C1-34A3D6BF7913}.Debug|Mixed Platforms.Build.0 = Debug|x86
		{2AE99794-F9D4-45CB-90C1-34A3D6BF7913}.Debug|x86.ActiveCfg = Debug|x86
		{2AE99794-F9D4-45CB-90C1-34A3D6BF7913}.Debug|x86.Build.0 = Debug|x86
		{2AE99794-F9D4-45CB-90C1-34A3D6BF7913}.Release|Any CPU.ActiveCfg = Release|x86
		{2AE99794-F9D4-45CB-90C1-34A3D6BF7913}.Release|Mixed Platforms.ActiveCfg = Release|x86
		{2AE99794-F9D4-45CB-90C1-34A3D6BF7913}.Release|Mixed Platforms.Build.0 = Release|x86
		{2AE99794-F9D4-45CB-90C1-34A3D6BF7913}.Release|x86.ActiveCfg = Release|x86
		{2AE99794-F9D4-45CB-90C1-34A3D6BF7913}.Release|x86.Build.0 = Release|x86
		{2D62B41C-4713-4389-8483-CE0AF050A512}.Debug|Any CPU.ActiveCfg = Debug|Any CPU
		{2D62B41C-4713-4389-8483-CE0AF050A512}.Debug|Any CPU.Build.0 = Debug|Any CPU
		{2D62B41C-4713-4389-8483-CE0AF050A512}.Debug|Mixed Platforms.ActiveCfg = Debug|Any CPU
		{2D62B41C-4713-4389-8483-CE0AF050A512}.Debug|Mixed Platforms.Build.0 = Debug|Any CPU
		{2D62B41C-4713-4389-8483-CE0AF050A512}.Debug|x86.ActiveCfg = Debug|Any CPU
		{2D62B41C-4713-4389-8483-CE0AF050A512}.Debug|x86.Build.0 = Debug|Any CPU
		{2D62B41C-4713-4389-8483-CE0AF050A512}.Release|Any CPU.ActiveCfg = Release|Any CPU
		{2D62B41C-4713-4389-8483-CE0AF050A512}.Release|Any CPU.Build.0 = Release|Any CPU
		{2D62B41C-4713-4389-8483-CE0AF050A512}.Release|Mixed Platforms.ActiveCfg = Release|Any CPU
		{2D62B41C-4713-4389-8483-CE0AF050A512}.Release|Mixed Platforms.Build.0 = Release|Any CPU
		{2D62B41C-4713-4389-8483-CE0AF050A512}.Release|x86.ActiveCfg = Release|Any CPU
		{2D62B41C-4713-4389-8483-CE0AF050A512}.Release|x86.Build.0 = Release|Any CPU
		{7F5FA29B-5CB4-49AA-AFC8-771903EF9056}.Debug|Any CPU.ActiveCfg = Debug|Any CPU
		{7F5FA29B-5CB4-49AA-AFC8-771903EF9056}.Debug|Any CPU.Build.0 = Debug|Any CPU
		{7F5FA29B-5CB4-49AA-AFC8-771903EF9056}.Debug|Mixed Platforms.ActiveCfg = Debug|Any CPU
		{7F5FA29B-5CB4-49AA-AFC8-771903EF9056}.Debug|Mixed Platforms.Build.0 = Debug|Any CPU
		{7F5FA29B-5CB4-49AA-AFC8-771903EF9056}.Debug|x86.ActiveCfg = Debug|Any CPU
		{7F5FA29B-5CB4-49AA-AFC8-771903EF9056}.Debug|x86.Build.0 = Debug|Any CPU
		{7F5FA29B-5CB4-49AA-AFC8-771903EF9056}.Release|Any CPU.ActiveCfg = Release|Any CPU
		{7F5FA29B-5CB4-49AA-AFC8-771903EF9056}.Release|Any CPU.Build.0 = Release|Any CPU
		{7F5FA29B-5CB4-49AA-AFC8-771903EF9056}.Release|Mixed Platforms.ActiveCfg = Release|Any CPU
		{7F5FA29B-5CB4-49AA-AFC8-771903EF9056}.Release|Mixed Platforms.Build.0 = Release|Any CPU
		{7F5FA29B-5CB4-49AA-AFC8-771903EF9056}.Release|x86.ActiveCfg = Release|Any CPU
		{7F5FA29B-5CB4-49AA-AFC8-771903EF9056}.Release|x86.Build.0 = Release|Any CPU
		{CF2867D3-A8BB-41F8-9F06-60FA99E13637}.Debug|Any CPU.ActiveCfg = Debug|Any CPU
		{CF2867D3-A8BB-41F8-9F06-60FA99E13637}.Debug|Any CPU.Build.0 = Debug|Any CPU
		{CF2867D3-A8BB-41F8-9F06-60FA99E13637}.Debug|Mixed Platforms.ActiveCfg = Debug|Any CPU
		{CF2867D3-A8BB-41F8-9F06-60FA99E13637}.Debug|Mixed Platforms.Build.0 = Debug|Any CPU
		{CF2867D3-A8BB-41F8-9F06-60FA99E13637}.Debug|x86.ActiveCfg = Debug|Any CPU
		{CF2867D3-A8BB-41F8-9F06-60FA99E13637}.Debug|x86.Build.0 = Debug|Any CPU
		{CF2867D3-A8BB-41F8-9F06-60FA99E13637}.Release|Any CPU.ActiveCfg = Release|Any CPU
		{CF2867D3-A8BB-41F8-9F06-60FA99E13637}.Release|Any CPU.Build.0 = Release|Any CPU
		{CF2867D3-A8BB-41F8-9F06-60FA99E13637}.Release|Mixed Platforms.ActiveCfg = Release|Any CPU
		{CF2867D3-A8BB-41F8-9F06-60FA99E13637}.Release|Mixed Platforms.Build.0 = Release|Any CPU
		{CF2867D3-A8BB-41F8-9F06-60FA99E13637}.Release|x86.ActiveCfg = Release|Any CPU
		{CF2867D3-A8BB-41F8-9F06-60FA99E13637}.Release|x86.Build.0 = Release|Any CPU
		{EA7EF4D3-BD72-4C5E-95E4-F0F897E0E7DD}.Debug|Any CPU.ActiveCfg = Debug|Any CPU
		{EA7EF4D3-BD72-4C5E-95E4-F0F897E0E7DD}.Debug|Any CPU.Build.0 = Debug|Any CPU
		{EA7EF4D3-BD72-4C5E-95E4-F0F897E0E7DD}.Debug|Mixed Platforms.ActiveCfg = Debug|Any CPU
		{EA7EF4D3-BD72-4C5E-95E4-F0F897E0E7DD}.Debug|Mixed Platforms.Build.0 = Debug|Any CPU
		{EA7EF4D3-BD72-4C5E-95E4-F0F897E0E7DD}.Debug|x86.ActiveCfg = Debug|Any CPU
		{EA7EF4D3-BD72-4C5E-95E4-F0F897E0E7DD}.Release|Any CPU.ActiveCfg = Release|Any CPU
		{EA7EF4D3-BD72-4C5E-95E4-F0F897E0E7DD}.Release|Any CPU.Build.0 = Release|Any CPU
		{EA7EF4D3-BD72-4C5E-95E4-F0F897E0E7DD}.Release|Mixed Platforms.ActiveCfg = Release|Any CPU
		{EA7EF4D3-BD72-4C5E-95E4-F0F897E0E7DD}.Release|Mixed Platforms.Build.0 = Release|Any CPU
		{EA7EF4D3-BD72-4C5E-95E4-F0F897E0E7DD}.Release|x86.ActiveCfg = Release|Any CPU
		{F34A3EEF-7FC6-45DC-B527-93AE48577039}.Debug|Any CPU.ActiveCfg = Debug|Any CPU
		{F34A3EEF-7FC6-45DC-B527-93AE48577039}.Debug|Any CPU.Build.0 = Debug|Any CPU
		{F34A3EEF-7FC6-45DC-B527-93AE48577039}.Debug|Mixed Platforms.ActiveCfg = Debug|Any CPU
		{F34A3EEF-7FC6-45DC-B527-93AE48577039}.Debug|Mixed Platforms.Build.0 = Debug|Any CPU
		{F34A3EEF-7FC6-45DC-B527-93AE48577039}.Debug|x86.ActiveCfg = Debug|Any CPU
		{F34A3EEF-7FC6-45DC-B527-93AE48577039}.Release|Any CPU.ActiveCfg = Release|Any CPU
		{F34A3EEF-7FC6-45DC-B527-93AE48577039}.Release|Any CPU.Build.0 = Release|Any CPU
		{F34A3EEF-7FC6-45DC-B527-93AE48577039}.Release|Mixed Platforms.ActiveCfg = Release|Any CPU
		{F34A3EEF-7FC6-45DC-B527-93AE48577039}.Release|Mixed Platforms.Build.0 = Release|Any CPU
		{F34A3EEF-7FC6-45DC-B527-93AE48577039}.Release|x86.ActiveCfg = Release|Any CPU
		{F2BC80D6-CE18-43FC-93B7-DA7017B8ECE0}.Debug|Any CPU.ActiveCfg = Debug|Any CPU
		{F2BC80D6-CE18-43FC-93B7-DA7017B8ECE0}.Debug|Any CPU.Build.0 = Debug|Any CPU
		{F2BC80D6-CE18-43FC-93B7-DA7017B8ECE0}.Debug|Mixed Platforms.ActiveCfg = Debug|Any CPU
		{F2BC80D6-CE18-43FC-93B7-DA7017B8ECE0}.Debug|Mixed Platforms.Build.0 = Debug|Any CPU
		{F2BC80D6-CE18-43FC-93B7-DA7017B8ECE0}.Debug|x86.ActiveCfg = Debug|Any CPU
		{F2BC80D6-CE18-43FC-93B7-DA7017B8ECE0}.Release|Any CPU.ActiveCfg = Release|Any CPU
		{F2BC80D6-CE18-43FC-93B7-DA7017B8ECE0}.Release|Any CPU.Build.0 = Release|Any CPU
		{F2BC80D6-CE18-43FC-93B7-DA7017B8ECE0}.Release|Mixed Platforms.ActiveCfg = Release|Any CPU
		{F2BC80D6-CE18-43FC-93B7-DA7017B8ECE0}.Release|Mixed Platforms.Build.0 = Release|Any CPU
		{F2BC80D6-CE18-43FC-93B7-DA7017B8ECE0}.Release|x86.ActiveCfg = Release|Any CPU
		{479BB569-8FB8-45B4-9DFF-2FAA30983AE4}.Debug|Any CPU.ActiveCfg = Debug|Any CPU
		{479BB569-8FB8-45B4-9DFF-2FAA30983AE4}.Debug|Any CPU.Build.0 = Debug|Any CPU
		{479BB569-8FB8-45B4-9DFF-2FAA30983AE4}.Debug|Mixed Platforms.ActiveCfg = Debug|Any CPU
		{479BB569-8FB8-45B4-9DFF-2FAA30983AE4}.Debug|Mixed Platforms.Build.0 = Debug|Any CPU
		{479BB569-8FB8-45B4-9DFF-2FAA30983AE4}.Debug|x86.ActiveCfg = Debug|Any CPU
		{479BB569-8FB8-45B4-9DFF-2FAA30983AE4}.Release|Any CPU.ActiveCfg = Release|Any CPU
		{479BB569-8FB8-45B4-9DFF-2FAA30983AE4}.Release|Any CPU.Build.0 = Release|Any CPU
		{479BB569-8FB8-45B4-9DFF-2FAA30983AE4}.Release|Mixed Platforms.ActiveCfg = Release|Any CPU
		{479BB569-8FB8-45B4-9DFF-2FAA30983AE4}.Release|Mixed Platforms.Build.0 = Release|Any CPU
		{479BB569-8FB8-45B4-9DFF-2FAA30983AE4}.Release|x86.ActiveCfg = Release|Any CPU
		{9C6E8174-7560-4D01-BFB6-B229680E1CF8}.Debug|Any CPU.ActiveCfg = Debug|Any CPU
		{9C6E8174-7560-4D01-BFB6-B229680E1CF8}.Debug|Any CPU.Build.0 = Debug|Any CPU
		{9C6E8174-7560-4D01-BFB6-B229680E1CF8}.Debug|Mixed Platforms.ActiveCfg = Debug|Any CPU
		{9C6E8174-7560-4D01-BFB6-B229680E1CF8}.Debug|Mixed Platforms.Build.0 = Debug|Any CPU
		{9C6E8174-7560-4D01-BFB6-B229680E1CF8}.Debug|x86.ActiveCfg = Debug|Any CPU
		{9C6E8174-7560-4D01-BFB6-B229680E1CF8}.Release|Any CPU.ActiveCfg = Release|Any CPU
		{9C6E8174-7560-4D01-BFB6-B229680E1CF8}.Release|Any CPU.Build.0 = Release|Any CPU
		{9C6E8174-7560-4D01-BFB6-B229680E1CF8}.Release|Mixed Platforms.ActiveCfg = Release|Any CPU
		{9C6E8174-7560-4D01-BFB6-B229680E1CF8}.Release|Mixed Platforms.Build.0 = Release|Any CPU
		{9C6E8174-7560-4D01-BFB6-B229680E1CF8}.Release|x86.ActiveCfg = Release|Any CPU
		{231B7D65-2853-4F46-92A8-5A345EE226A0}.Debug|Any CPU.ActiveCfg = Debug|Any CPU
		{231B7D65-2853-4F46-92A8-5A345EE226A0}.Debug|Any CPU.Build.0 = Debug|Any CPU
		{231B7D65-2853-4F46-92A8-5A345EE226A0}.Debug|Mixed Platforms.ActiveCfg = Debug|Any CPU
		{231B7D65-2853-4F46-92A8-5A345EE226A0}.Debug|Mixed Platforms.Build.0 = Debug|Any CPU
		{231B7D65-2853-4F46-92A8-5A345EE226A0}.Debug|x86.ActiveCfg = Debug|Any CPU
		{231B7D65-2853-4F46-92A8-5A345EE226A0}.Release|Any CPU.ActiveCfg = Release|Any CPU
		{231B7D65-2853-4F46-92A8-5A345EE226A0}.Release|Any CPU.Build.0 = Release|Any CPU
		{231B7D65-2853-4F46-92A8-5A345EE226A0}.Release|Mixed Platforms.ActiveCfg = Release|Any CPU
		{231B7D65-2853-4F46-92A8-5A345EE226A0}.Release|Mixed Platforms.Build.0 = Release|Any CPU
		{231B7D65-2853-4F46-92A8-5A345EE226A0}.Release|x86.ActiveCfg = Release|Any CPU
		{D234DFEE-4126-457F-B258-1B3F1A84D74F}.Debug|Any CPU.ActiveCfg = Debug|Any CPU
		{D234DFEE-4126-457F-B258-1B3F1A84D74F}.Debug|Any CPU.Build.0 = Debug|Any CPU
		{D234DFEE-4126-457F-B258-1B3F1A84D74F}.Debug|Mixed Platforms.ActiveCfg = Debug|Any CPU
		{D234DFEE-4126-457F-B258-1B3F1A84D74F}.Debug|Mixed Platforms.Build.0 = Debug|Any CPU
		{D234DFEE-4126-457F-B258-1B3F1A84D74F}.Debug|x86.ActiveCfg = Debug|Any CPU
		{D234DFEE-4126-457F-B258-1B3F1A84D74F}.Release|Any CPU.ActiveCfg = Release|Any CPU
		{D234DFEE-4126-457F-B258-1B3F1A84D74F}.Release|Any CPU.Build.0 = Release|Any CPU
		{D234DFEE-4126-457F-B258-1B3F1A84D74F}.Release|Mixed Platforms.ActiveCfg = Release|Any CPU
		{D234DFEE-4126-457F-B258-1B3F1A84D74F}.Release|Mixed Platforms.Build.0 = Release|Any CPU
		{D234DFEE-4126-457F-B258-1B3F1A84D74F}.Release|x86.ActiveCfg = Release|Any CPU
		{C1006B7A-3703-48D0-B5E1-7E19CD5ABDFF}.Debug|Any CPU.ActiveCfg = Debug|Any CPU
		{C1006B7A-3703-48D0-B5E1-7E19CD5ABDFF}.Debug|Any CPU.Build.0 = Debug|Any CPU
		{C1006B7A-3703-48D0-B5E1-7E19CD5ABDFF}.Debug|Mixed Platforms.ActiveCfg = Debug|Any CPU
		{C1006B7A-3703-48D0-B5E1-7E19CD5ABDFF}.Debug|Mixed Platforms.Build.0 = Debug|Any CPU
		{C1006B7A-3703-48D0-B5E1-7E19CD5ABDFF}.Debug|x86.ActiveCfg = Debug|Any CPU
		{C1006B7A-3703-48D0-B5E1-7E19CD5ABDFF}.Release|Any CPU.ActiveCfg = Release|Any CPU
		{C1006B7A-3703-48D0-B5E1-7E19CD5ABDFF}.Release|Any CPU.Build.0 = Release|Any CPU
		{C1006B7A-3703-48D0-B5E1-7E19CD5ABDFF}.Release|Mixed Platforms.ActiveCfg = Release|Any CPU
		{C1006B7A-3703-48D0-B5E1-7E19CD5ABDFF}.Release|Mixed Platforms.Build.0 = Release|Any CPU
		{C1006B7A-3703-48D0-B5E1-7E19CD5ABDFF}.Release|x86.ActiveCfg = Release|Any CPU
		{D26A6489-E401-490E-B684-4F35DCB054EC}.Debug|Any CPU.ActiveCfg = Debug|Any CPU
		{D26A6489-E401-490E-B684-4F35DCB054EC}.Debug|Any CPU.Build.0 = Debug|Any CPU
		{D26A6489-E401-490E-B684-4F35DCB054EC}.Debug|Mixed Platforms.ActiveCfg = Debug|Any CPU
		{D26A6489-E401-490E-B684-4F35DCB054EC}.Debug|Mixed Platforms.Build.0 = Debug|Any CPU
		{D26A6489-E401-490E-B684-4F35DCB054EC}.Debug|x86.ActiveCfg = Debug|Any CPU
		{D26A6489-E401-490E-B684-4F35DCB054EC}.Release|Any CPU.ActiveCfg = Release|Any CPU
		{D26A6489-E401-490E-B684-4F35DCB054EC}.Release|Any CPU.Build.0 = Release|Any CPU
		{D26A6489-E401-490E-B684-4F35DCB054EC}.Release|Mixed Platforms.ActiveCfg = Release|Any CPU
		{D26A6489-E401-490E-B684-4F35DCB054EC}.Release|Mixed Platforms.Build.0 = Release|Any CPU
		{D26A6489-E401-490E-B684-4F35DCB054EC}.Release|x86.ActiveCfg = Release|Any CPU
		{187A4CE1-F751-4D55-A832-951F88718B68}.Debug|Any CPU.ActiveCfg = Debug|Any CPU
		{187A4CE1-F751-4D55-A832-951F88718B68}.Debug|Any CPU.Build.0 = Debug|Any CPU
		{187A4CE1-F751-4D55-A832-951F88718B68}.Debug|Mixed Platforms.ActiveCfg = Debug|Any CPU
		{187A4CE1-F751-4D55-A832-951F88718B68}.Debug|Mixed Platforms.Build.0 = Debug|Any CPU
		{187A4CE1-F751-4D55-A832-951F88718B68}.Debug|x86.ActiveCfg = Debug|Any CPU
		{187A4CE1-F751-4D55-A832-951F88718B68}.Release|Any CPU.ActiveCfg = Release|Any CPU
		{187A4CE1-F751-4D55-A832-951F88718B68}.Release|Any CPU.Build.0 = Release|Any CPU
		{187A4CE1-F751-4D55-A832-951F88718B68}.Release|Mixed Platforms.ActiveCfg = Release|Any CPU
		{187A4CE1-F751-4D55-A832-951F88718B68}.Release|Mixed Platforms.Build.0 = Release|Any CPU
		{187A4CE1-F751-4D55-A832-951F88718B68}.Release|x86.ActiveCfg = Release|Any CPU
		{99ABF9EC-888E-4C11-BA0B-D6BA09D4713E}.Debug|Any CPU.ActiveCfg = Debug|x86
		{99ABF9EC-888E-4C11-BA0B-D6BA09D4713E}.Debug|Mixed Platforms.ActiveCfg = Debug|x86
		{99ABF9EC-888E-4C11-BA0B-D6BA09D4713E}.Debug|Mixed Platforms.Build.0 = Debug|x86
		{99ABF9EC-888E-4C11-BA0B-D6BA09D4713E}.Debug|x86.ActiveCfg = Debug|x86
		{99ABF9EC-888E-4C11-BA0B-D6BA09D4713E}.Debug|x86.Build.0 = Debug|x86
		{99ABF9EC-888E-4C11-BA0B-D6BA09D4713E}.Release|Any CPU.ActiveCfg = Release|x86
		{99ABF9EC-888E-4C11-BA0B-D6BA09D4713E}.Release|Mixed Platforms.ActiveCfg = Release|x86
		{99ABF9EC-888E-4C11-BA0B-D6BA09D4713E}.Release|Mixed Platforms.Build.0 = Release|x86
		{99ABF9EC-888E-4C11-BA0B-D6BA09D4713E}.Release|x86.ActiveCfg = Release|x86
		{99ABF9EC-888E-4C11-BA0B-D6BA09D4713E}.Release|x86.Build.0 = Release|x86
		{E9B3F2E7-7B7A-44AE-AAD8-8780918FB8F7}.Debug|Any CPU.ActiveCfg = Debug|Any CPU
		{E9B3F2E7-7B7A-44AE-AAD8-8780918FB8F7}.Debug|Any CPU.Build.0 = Debug|Any CPU
		{E9B3F2E7-7B7A-44AE-AAD8-8780918FB8F7}.Debug|Mixed Platforms.ActiveCfg = Debug|Any CPU
		{E9B3F2E7-7B7A-44AE-AAD8-8780918FB8F7}.Debug|Mixed Platforms.Build.0 = Debug|Any CPU
		{E9B3F2E7-7B7A-44AE-AAD8-8780918FB8F7}.Debug|x86.ActiveCfg = Debug|Any CPU
		{E9B3F2E7-7B7A-44AE-AAD8-8780918FB8F7}.Release|Any CPU.ActiveCfg = Release|Any CPU
		{E9B3F2E7-7B7A-44AE-AAD8-8780918FB8F7}.Release|Any CPU.Build.0 = Release|Any CPU
		{E9B3F2E7-7B7A-44AE-AAD8-8780918FB8F7}.Release|Mixed Platforms.ActiveCfg = Release|Any CPU
		{E9B3F2E7-7B7A-44AE-AAD8-8780918FB8F7}.Release|Mixed Platforms.Build.0 = Release|Any CPU
		{E9B3F2E7-7B7A-44AE-AAD8-8780918FB8F7}.Release|x86.ActiveCfg = Release|Any CPU
		{AA6233FB-F448-426E-8DE0-128C17B4B904}.Debug|Any CPU.ActiveCfg = Debug|Any CPU
		{AA6233FB-F448-426E-8DE0-128C17B4B904}.Debug|Any CPU.Build.0 = Debug|Any CPU
		{AA6233FB-F448-426E-8DE0-128C17B4B904}.Debug|Mixed Platforms.ActiveCfg = Debug|Any CPU
		{AA6233FB-F448-426E-8DE0-128C17B4B904}.Debug|Mixed Platforms.Build.0 = Debug|Any CPU
		{AA6233FB-F448-426E-8DE0-128C17B4B904}.Debug|x86.ActiveCfg = Debug|Any CPU
		{AA6233FB-F448-426E-8DE0-128C17B4B904}.Release|Any CPU.ActiveCfg = Release|Any CPU
		{AA6233FB-F448-426E-8DE0-128C17B4B904}.Release|Any CPU.Build.0 = Release|Any CPU
		{AA6233FB-F448-426E-8DE0-128C17B4B904}.Release|Mixed Platforms.ActiveCfg = Release|Any CPU
		{AA6233FB-F448-426E-8DE0-128C17B4B904}.Release|Mixed Platforms.Build.0 = Release|Any CPU
		{AA6233FB-F448-426E-8DE0-128C17B4B904}.Release|x86.ActiveCfg = Release|Any CPU
		{D534362A-510E-4F79-B469-980C4E7C2642}.Debug|Any CPU.ActiveCfg = Debug|Any CPU
		{D534362A-510E-4F79-B469-980C4E7C2642}.Debug|Any CPU.Build.0 = Debug|Any CPU
		{D534362A-510E-4F79-B469-980C4E7C2642}.Debug|Mixed Platforms.ActiveCfg = Debug|Any CPU
		{D534362A-510E-4F79-B469-980C4E7C2642}.Debug|Mixed Platforms.Build.0 = Debug|Any CPU
		{D534362A-510E-4F79-B469-980C4E7C2642}.Debug|x86.ActiveCfg = Debug|Any CPU
		{D534362A-510E-4F79-B469-980C4E7C2642}.Release|Any CPU.ActiveCfg = Release|Any CPU
		{D534362A-510E-4F79-B469-980C4E7C2642}.Release|Any CPU.Build.0 = Release|Any CPU
		{D534362A-510E-4F79-B469-980C4E7C2642}.Release|Mixed Platforms.ActiveCfg = Release|Any CPU
		{D534362A-510E-4F79-B469-980C4E7C2642}.Release|Mixed Platforms.Build.0 = Release|Any CPU
		{D534362A-510E-4F79-B469-980C4E7C2642}.Release|x86.ActiveCfg = Release|Any CPU
		{C14F77B6-6CCA-40AA-80AD-E9E6A9DE16CD}.Debug|Any CPU.ActiveCfg = Debug|Any CPU
		{C14F77B6-6CCA-40AA-80AD-E9E6A9DE16CD}.Debug|Any CPU.Build.0 = Debug|Any CPU
		{C14F77B6-6CCA-40AA-80AD-E9E6A9DE16CD}.Debug|Mixed Platforms.ActiveCfg = Debug|Any CPU
		{C14F77B6-6CCA-40AA-80AD-E9E6A9DE16CD}.Debug|Mixed Platforms.Build.0 = Debug|Any CPU
		{C14F77B6-6CCA-40AA-80AD-E9E6A9DE16CD}.Debug|x86.ActiveCfg = Debug|Any CPU
		{C14F77B6-6CCA-40AA-80AD-E9E6A9DE16CD}.Release|Any CPU.ActiveCfg = Release|Any CPU
		{C14F77B6-6CCA-40AA-80AD-E9E6A9DE16CD}.Release|Any CPU.Build.0 = Release|Any CPU
		{C14F77B6-6CCA-40AA-80AD-E9E6A9DE16CD}.Release|Mixed Platforms.ActiveCfg = Release|Any CPU
		{C14F77B6-6CCA-40AA-80AD-E9E6A9DE16CD}.Release|Mixed Platforms.Build.0 = Release|Any CPU
		{C14F77B6-6CCA-40AA-80AD-E9E6A9DE16CD}.Release|x86.ActiveCfg = Release|Any CPU
		{337A405D-81FB-4260-AE44-892DE7441159}.Debug|Any CPU.ActiveCfg = Debug|Any CPU
		{337A405D-81FB-4260-AE44-892DE7441159}.Debug|Any CPU.Build.0 = Debug|Any CPU
		{337A405D-81FB-4260-AE44-892DE7441159}.Debug|Mixed Platforms.ActiveCfg = Debug|Any CPU
		{337A405D-81FB-4260-AE44-892DE7441159}.Debug|Mixed Platforms.Build.0 = Debug|Any CPU
		{337A405D-81FB-4260-AE44-892DE7441159}.Debug|x86.ActiveCfg = Debug|Any CPU
		{337A405D-81FB-4260-AE44-892DE7441159}.Release|Any CPU.ActiveCfg = Release|Any CPU
		{337A405D-81FB-4260-AE44-892DE7441159}.Release|Any CPU.Build.0 = Release|Any CPU
		{337A405D-81FB-4260-AE44-892DE7441159}.Release|Mixed Platforms.ActiveCfg = Release|Any CPU
		{337A405D-81FB-4260-AE44-892DE7441159}.Release|Mixed Platforms.Build.0 = Release|Any CPU
		{337A405D-81FB-4260-AE44-892DE7441159}.Release|x86.ActiveCfg = Release|Any CPU
		{1FBF9C0B-EEBE-4E54-9186-C1722A3C5141}.Debug|Any CPU.ActiveCfg = Debug|Any CPU
		{1FBF9C0B-EEBE-4E54-9186-C1722A3C5141}.Debug|Any CPU.Build.0 = Debug|Any CPU
		{1FBF9C0B-EEBE-4E54-9186-C1722A3C5141}.Debug|Mixed Platforms.ActiveCfg = Debug|Any CPU
		{1FBF9C0B-EEBE-4E54-9186-C1722A3C5141}.Debug|Mixed Platforms.Build.0 = Debug|Any CPU
		{1FBF9C0B-EEBE-4E54-9186-C1722A3C5141}.Debug|x86.ActiveCfg = Debug|Any CPU
		{1FBF9C0B-EEBE-4E54-9186-C1722A3C5141}.Release|Any CPU.ActiveCfg = Release|Any CPU
		{1FBF9C0B-EEBE-4E54-9186-C1722A3C5141}.Release|Any CPU.Build.0 = Release|Any CPU
		{1FBF9C0B-EEBE-4E54-9186-C1722A3C5141}.Release|Mixed Platforms.ActiveCfg = Release|Any CPU
		{1FBF9C0B-EEBE-4E54-9186-C1722A3C5141}.Release|Mixed Platforms.Build.0 = Release|Any CPU
		{1FBF9C0B-EEBE-4E54-9186-C1722A3C5141}.Release|x86.ActiveCfg = Release|Any CPU
		{DA73AAE7-B1E2-4CFC-AF44-532340C7E34E}.Debug|Any CPU.ActiveCfg = Debug|Any CPU
		{DA73AAE7-B1E2-4CFC-AF44-532340C7E34E}.Debug|Any CPU.Build.0 = Debug|Any CPU
		{DA73AAE7-B1E2-4CFC-AF44-532340C7E34E}.Debug|Mixed Platforms.ActiveCfg = Debug|Any CPU
		{DA73AAE7-B1E2-4CFC-AF44-532340C7E34E}.Debug|Mixed Platforms.Build.0 = Debug|Any CPU
		{DA73AAE7-B1E2-4CFC-AF44-532340C7E34E}.Debug|x86.ActiveCfg = Debug|Any CPU
		{DA73AAE7-B1E2-4CFC-AF44-532340C7E34E}.Release|Any CPU.ActiveCfg = Release|Any CPU
		{DA73AAE7-B1E2-4CFC-AF44-532340C7E34E}.Release|Any CPU.Build.0 = Release|Any CPU
		{DA73AAE7-B1E2-4CFC-AF44-532340C7E34E}.Release|Mixed Platforms.ActiveCfg = Release|Any CPU
		{DA73AAE7-B1E2-4CFC-AF44-532340C7E34E}.Release|Mixed Platforms.Build.0 = Release|Any CPU
		{DA73AAE7-B1E2-4CFC-AF44-532340C7E34E}.Release|x86.ActiveCfg = Release|Any CPU
		{1E64785A-9FF4-4676-B29D-BE8A2343220D}.Debug|Any CPU.ActiveCfg = Debug|Any CPU
		{1E64785A-9FF4-4676-B29D-BE8A2343220D}.Debug|Any CPU.Build.0 = Debug|Any CPU
		{1E64785A-9FF4-4676-B29D-BE8A2343220D}.Debug|Mixed Platforms.ActiveCfg = Debug|Any CPU
		{1E64785A-9FF4-4676-B29D-BE8A2343220D}.Debug|Mixed Platforms.Build.0 = Debug|Any CPU
		{1E64785A-9FF4-4676-B29D-BE8A2343220D}.Debug|x86.ActiveCfg = Debug|Any CPU
		{1E64785A-9FF4-4676-B29D-BE8A2343220D}.Release|Any CPU.ActiveCfg = Release|Any CPU
		{1E64785A-9FF4-4676-B29D-BE8A2343220D}.Release|Any CPU.Build.0 = Release|Any CPU
		{1E64785A-9FF4-4676-B29D-BE8A2343220D}.Release|Mixed Platforms.ActiveCfg = Release|Any CPU
		{1E64785A-9FF4-4676-B29D-BE8A2343220D}.Release|Mixed Platforms.Build.0 = Release|Any CPU
		{1E64785A-9FF4-4676-B29D-BE8A2343220D}.Release|x86.ActiveCfg = Release|Any CPU
		{66664D4B-8245-4A99-BDB1-8013B73228FE}.Debug|Any CPU.ActiveCfg = Debug|Any CPU
		{66664D4B-8245-4A99-BDB1-8013B73228FE}.Debug|Any CPU.Build.0 = Debug|Any CPU
		{66664D4B-8245-4A99-BDB1-8013B73228FE}.Debug|Mixed Platforms.ActiveCfg = Debug|Any CPU
		{66664D4B-8245-4A99-BDB1-8013B73228FE}.Debug|Mixed Platforms.Build.0 = Debug|Any CPU
		{66664D4B-8245-4A99-BDB1-8013B73228FE}.Debug|x86.ActiveCfg = Debug|Any CPU
		{66664D4B-8245-4A99-BDB1-8013B73228FE}.Release|Any CPU.ActiveCfg = Release|Any CPU
		{66664D4B-8245-4A99-BDB1-8013B73228FE}.Release|Any CPU.Build.0 = Release|Any CPU
		{66664D4B-8245-4A99-BDB1-8013B73228FE}.Release|Mixed Platforms.ActiveCfg = Release|Any CPU
		{66664D4B-8245-4A99-BDB1-8013B73228FE}.Release|Mixed Platforms.Build.0 = Release|Any CPU
		{66664D4B-8245-4A99-BDB1-8013B73228FE}.Release|x86.ActiveCfg = Release|Any CPU
		{48967C20-33FA-41E0-AE79-483D0964C429}.Debug|Any CPU.ActiveCfg = Debug|Any CPU
		{48967C20-33FA-41E0-AE79-483D0964C429}.Debug|Any CPU.Build.0 = Debug|Any CPU
		{48967C20-33FA-41E0-AE79-483D0964C429}.Debug|Mixed Platforms.ActiveCfg = Debug|Any CPU
		{48967C20-33FA-41E0-AE79-483D0964C429}.Debug|Mixed Platforms.Build.0 = Debug|Any CPU
		{48967C20-33FA-41E0-AE79-483D0964C429}.Debug|x86.ActiveCfg = Debug|Any CPU
		{48967C20-33FA-41E0-AE79-483D0964C429}.Release|Any CPU.ActiveCfg = Release|Any CPU
		{48967C20-33FA-41E0-AE79-483D0964C429}.Release|Any CPU.Build.0 = Release|Any CPU
		{48967C20-33FA-41E0-AE79-483D0964C429}.Release|Mixed Platforms.ActiveCfg = Release|Any CPU
		{48967C20-33FA-41E0-AE79-483D0964C429}.Release|Mixed Platforms.Build.0 = Release|Any CPU
		{48967C20-33FA-41E0-AE79-483D0964C429}.Release|x86.ActiveCfg = Release|Any CPU
		{558935C6-F393-46B6-AA53-AB7072B868B3}.Debug|Any CPU.ActiveCfg = Debug|Any CPU
		{558935C6-F393-46B6-AA53-AB7072B868B3}.Debug|Any CPU.Build.0 = Debug|Any CPU
		{558935C6-F393-46B6-AA53-AB7072B868B3}.Debug|Mixed Platforms.ActiveCfg = Debug|Any CPU
		{558935C6-F393-46B6-AA53-AB7072B868B3}.Debug|Mixed Platforms.Build.0 = Debug|Any CPU
		{558935C6-F393-46B6-AA53-AB7072B868B3}.Debug|x86.ActiveCfg = Debug|Any CPU
		{558935C6-F393-46B6-AA53-AB7072B868B3}.Release|Any CPU.ActiveCfg = Release|Any CPU
		{558935C6-F393-46B6-AA53-AB7072B868B3}.Release|Any CPU.Build.0 = Release|Any CPU
		{558935C6-F393-46B6-AA53-AB7072B868B3}.Release|Mixed Platforms.ActiveCfg = Release|Any CPU
		{558935C6-F393-46B6-AA53-AB7072B868B3}.Release|Mixed Platforms.Build.0 = Release|Any CPU
		{558935C6-F393-46B6-AA53-AB7072B868B3}.Release|x86.ActiveCfg = Release|Any CPU
		{A0935163-19C0-473D-8B74-EDDB25F78864}.Debug|Any CPU.ActiveCfg = Debug|Any CPU
		{A0935163-19C0-473D-8B74-EDDB25F78864}.Debug|Any CPU.Build.0 = Debug|Any CPU
		{A0935163-19C0-473D-8B74-EDDB25F78864}.Debug|Mixed Platforms.ActiveCfg = Debug|Any CPU
		{A0935163-19C0-473D-8B74-EDDB25F78864}.Debug|Mixed Platforms.Build.0 = Debug|Any CPU
		{A0935163-19C0-473D-8B74-EDDB25F78864}.Debug|x86.ActiveCfg = Debug|Any CPU
		{A0935163-19C0-473D-8B74-EDDB25F78864}.Release|Any CPU.ActiveCfg = Release|Any CPU
		{A0935163-19C0-473D-8B74-EDDB25F78864}.Release|Any CPU.Build.0 = Release|Any CPU
		{A0935163-19C0-473D-8B74-EDDB25F78864}.Release|Mixed Platforms.ActiveCfg = Release|Any CPU
		{A0935163-19C0-473D-8B74-EDDB25F78864}.Release|Mixed Platforms.Build.0 = Release|Any CPU
		{A0935163-19C0-473D-8B74-EDDB25F78864}.Release|x86.ActiveCfg = Release|Any CPU
		{9BBA569A-9BAA-434D-8FF6-77BCBF5C7F50}.Debug|Any CPU.ActiveCfg = Debug|Any CPU
		{9BBA569A-9BAA-434D-8FF6-77BCBF5C7F50}.Debug|Any CPU.Build.0 = Debug|Any CPU
		{9BBA569A-9BAA-434D-8FF6-77BCBF5C7F50}.Debug|Mixed Platforms.ActiveCfg = Debug|Any CPU
		{9BBA569A-9BAA-434D-8FF6-77BCBF5C7F50}.Debug|Mixed Platforms.Build.0 = Debug|Any CPU
		{9BBA569A-9BAA-434D-8FF6-77BCBF5C7F50}.Debug|x86.ActiveCfg = Debug|Any CPU
		{9BBA569A-9BAA-434D-8FF6-77BCBF5C7F50}.Release|Any CPU.ActiveCfg = Release|Any CPU
		{9BBA569A-9BAA-434D-8FF6-77BCBF5C7F50}.Release|Any CPU.Build.0 = Release|Any CPU
		{9BBA569A-9BAA-434D-8FF6-77BCBF5C7F50}.Release|Mixed Platforms.ActiveCfg = Release|Any CPU
		{9BBA569A-9BAA-434D-8FF6-77BCBF5C7F50}.Release|Mixed Platforms.Build.0 = Release|Any CPU
		{9BBA569A-9BAA-434D-8FF6-77BCBF5C7F50}.Release|x86.ActiveCfg = Release|Any CPU
		{3FBA0A30-70AE-4E9B-8E75-650D04DD44E3}.Debug|Any CPU.ActiveCfg = Debug|Any CPU
		{3FBA0A30-70AE-4E9B-8E75-650D04DD44E3}.Debug|Any CPU.Build.0 = Debug|Any CPU
		{3FBA0A30-70AE-4E9B-8E75-650D04DD44E3}.Debug|Mixed Platforms.ActiveCfg = Debug|Any CPU
		{3FBA0A30-70AE-4E9B-8E75-650D04DD44E3}.Debug|Mixed Platforms.Build.0 = Debug|Any CPU
		{3FBA0A30-70AE-4E9B-8E75-650D04DD44E3}.Debug|x86.ActiveCfg = Debug|Any CPU
		{3FBA0A30-70AE-4E9B-8E75-650D04DD44E3}.Release|Any CPU.ActiveCfg = Release|Any CPU
		{3FBA0A30-70AE-4E9B-8E75-650D04DD44E3}.Release|Any CPU.Build.0 = Release|Any CPU
		{3FBA0A30-70AE-4E9B-8E75-650D04DD44E3}.Release|Mixed Platforms.ActiveCfg = Release|Any CPU
		{3FBA0A30-70AE-4E9B-8E75-650D04DD44E3}.Release|Mixed Platforms.Build.0 = Release|Any CPU
		{3FBA0A30-70AE-4E9B-8E75-650D04DD44E3}.Release|x86.ActiveCfg = Release|Any CPU
		{DD84A030-7BCD-449B-BFB0-A319AF27DA9E}.Debug|Any CPU.ActiveCfg = Debug|Any CPU
		{DD84A030-7BCD-449B-BFB0-A319AF27DA9E}.Debug|Any CPU.Build.0 = Debug|Any CPU
		{DD84A030-7BCD-449B-BFB0-A319AF27DA9E}.Debug|Mixed Platforms.ActiveCfg = Debug|Any CPU
		{DD84A030-7BCD-449B-BFB0-A319AF27DA9E}.Debug|Mixed Platforms.Build.0 = Debug|Any CPU
		{DD84A030-7BCD-449B-BFB0-A319AF27DA9E}.Debug|x86.ActiveCfg = Debug|Any CPU
		{DD84A030-7BCD-449B-BFB0-A319AF27DA9E}.Release|Any CPU.ActiveCfg = Release|Any CPU
		{DD84A030-7BCD-449B-BFB0-A319AF27DA9E}.Release|Any CPU.Build.0 = Release|Any CPU
		{DD84A030-7BCD-449B-BFB0-A319AF27DA9E}.Release|Mixed Platforms.ActiveCfg = Release|Any CPU
		{DD84A030-7BCD-449B-BFB0-A319AF27DA9E}.Release|Mixed Platforms.Build.0 = Release|Any CPU
		{DD84A030-7BCD-449B-BFB0-A319AF27DA9E}.Release|x86.ActiveCfg = Release|Any CPU
		{1F742847-C8CF-4E7B-A716-34B5E0FC10BE}.Debug|Any CPU.ActiveCfg = Debug|Any CPU
		{1F742847-C8CF-4E7B-A716-34B5E0FC10BE}.Debug|Any CPU.Build.0 = Debug|Any CPU
		{1F742847-C8CF-4E7B-A716-34B5E0FC10BE}.Debug|Mixed Platforms.ActiveCfg = Debug|Any CPU
		{1F742847-C8CF-4E7B-A716-34B5E0FC10BE}.Debug|Mixed Platforms.Build.0 = Debug|Any CPU
		{1F742847-C8CF-4E7B-A716-34B5E0FC10BE}.Debug|x86.ActiveCfg = Debug|Any CPU
		{1F742847-C8CF-4E7B-A716-34B5E0FC10BE}.Release|Any CPU.ActiveCfg = Release|Any CPU
		{1F742847-C8CF-4E7B-A716-34B5E0FC10BE}.Release|Any CPU.Build.0 = Release|Any CPU
		{1F742847-C8CF-4E7B-A716-34B5E0FC10BE}.Release|Mixed Platforms.ActiveCfg = Release|Any CPU
		{1F742847-C8CF-4E7B-A716-34B5E0FC10BE}.Release|Mixed Platforms.Build.0 = Release|Any CPU
		{1F742847-C8CF-4E7B-A716-34B5E0FC10BE}.Release|x86.ActiveCfg = Release|Any CPU
		{D31831C7-CCBB-470C-B9B6-54C8AF0F8C08}.Debug|Any CPU.ActiveCfg = Debug|Any CPU
		{D31831C7-CCBB-470C-B9B6-54C8AF0F8C08}.Debug|Any CPU.Build.0 = Debug|Any CPU
		{D31831C7-CCBB-470C-B9B6-54C8AF0F8C08}.Debug|Mixed Platforms.ActiveCfg = Debug|Any CPU
		{D31831C7-CCBB-470C-B9B6-54C8AF0F8C08}.Debug|Mixed Platforms.Build.0 = Debug|Any CPU
		{D31831C7-CCBB-470C-B9B6-54C8AF0F8C08}.Debug|x86.ActiveCfg = Debug|Any CPU
		{D31831C7-CCBB-470C-B9B6-54C8AF0F8C08}.Release|Any CPU.ActiveCfg = Release|Any CPU
		{D31831C7-CCBB-470C-B9B6-54C8AF0F8C08}.Release|Any CPU.Build.0 = Release|Any CPU
		{D31831C7-CCBB-470C-B9B6-54C8AF0F8C08}.Release|Mixed Platforms.ActiveCfg = Release|Any CPU
		{D31831C7-CCBB-470C-B9B6-54C8AF0F8C08}.Release|Mixed Platforms.Build.0 = Release|Any CPU
		{D31831C7-CCBB-470C-B9B6-54C8AF0F8C08}.Release|x86.ActiveCfg = Release|Any CPU
		{2E06AD16-63EB-49B2-8ECA-F1C7808C3A33}.Debug|Any CPU.ActiveCfg = Debug|Any CPU
		{2E06AD16-63EB-49B2-8ECA-F1C7808C3A33}.Debug|Any CPU.Build.0 = Debug|Any CPU
		{2E06AD16-63EB-49B2-8ECA-F1C7808C3A33}.Debug|Mixed Platforms.ActiveCfg = Debug|Any CPU
		{2E06AD16-63EB-49B2-8ECA-F1C7808C3A33}.Debug|Mixed Platforms.Build.0 = Debug|Any CPU
		{2E06AD16-63EB-49B2-8ECA-F1C7808C3A33}.Debug|x86.ActiveCfg = Debug|Any CPU
		{2E06AD16-63EB-49B2-8ECA-F1C7808C3A33}.Release|Any CPU.ActiveCfg = Release|Any CPU
		{2E06AD16-63EB-49B2-8ECA-F1C7808C3A33}.Release|Any CPU.Build.0 = Release|Any CPU
		{2E06AD16-63EB-49B2-8ECA-F1C7808C3A33}.Release|Mixed Platforms.ActiveCfg = Release|Any CPU
		{2E06AD16-63EB-49B2-8ECA-F1C7808C3A33}.Release|Mixed Platforms.Build.0 = Release|Any CPU
		{2E06AD16-63EB-49B2-8ECA-F1C7808C3A33}.Release|x86.ActiveCfg = Release|Any CPU
		{5026B41B-B456-4E4C-8241-D8FA3C8042ED}.Debug|Any CPU.ActiveCfg = Debug|Any CPU
		{5026B41B-B456-4E4C-8241-D8FA3C8042ED}.Debug|Any CPU.Build.0 = Debug|Any CPU
		{5026B41B-B456-4E4C-8241-D8FA3C8042ED}.Debug|Mixed Platforms.ActiveCfg = Debug|Any CPU
		{5026B41B-B456-4E4C-8241-D8FA3C8042ED}.Debug|Mixed Platforms.Build.0 = Debug|Any CPU
		{5026B41B-B456-4E4C-8241-D8FA3C8042ED}.Debug|x86.ActiveCfg = Debug|Any CPU
		{5026B41B-B456-4E4C-8241-D8FA3C8042ED}.Release|Any CPU.ActiveCfg = Release|Any CPU
		{5026B41B-B456-4E4C-8241-D8FA3C8042ED}.Release|Any CPU.Build.0 = Release|Any CPU
		{5026B41B-B456-4E4C-8241-D8FA3C8042ED}.Release|Mixed Platforms.ActiveCfg = Release|Any CPU
		{5026B41B-B456-4E4C-8241-D8FA3C8042ED}.Release|Mixed Platforms.Build.0 = Release|Any CPU
		{5026B41B-B456-4E4C-8241-D8FA3C8042ED}.Release|x86.ActiveCfg = Release|Any CPU
		{14599372-8455-4B2B-B1F8-B217CBF9ADF2}.Debug|Any CPU.ActiveCfg = Debug|Any CPU
		{14599372-8455-4B2B-B1F8-B217CBF9ADF2}.Debug|Any CPU.Build.0 = Debug|Any CPU
		{14599372-8455-4B2B-B1F8-B217CBF9ADF2}.Debug|Mixed Platforms.ActiveCfg = Debug|Any CPU
		{14599372-8455-4B2B-B1F8-B217CBF9ADF2}.Debug|Mixed Platforms.Build.0 = Debug|Any CPU
		{14599372-8455-4B2B-B1F8-B217CBF9ADF2}.Debug|x86.ActiveCfg = Debug|Any CPU
		{14599372-8455-4B2B-B1F8-B217CBF9ADF2}.Release|Any CPU.ActiveCfg = Release|Any CPU
		{14599372-8455-4B2B-B1F8-B217CBF9ADF2}.Release|Any CPU.Build.0 = Release|Any CPU
		{14599372-8455-4B2B-B1F8-B217CBF9ADF2}.Release|Mixed Platforms.ActiveCfg = Release|Any CPU
		{14599372-8455-4B2B-B1F8-B217CBF9ADF2}.Release|Mixed Platforms.Build.0 = Release|Any CPU
		{14599372-8455-4B2B-B1F8-B217CBF9ADF2}.Release|x86.ActiveCfg = Release|Any CPU
		{3936A2D0-BDB0-4E9E-9261-BF3B111DECC4}.Debug|Any CPU.ActiveCfg = Debug|Any CPU
		{3936A2D0-BDB0-4E9E-9261-BF3B111DECC4}.Debug|Any CPU.Build.0 = Debug|Any CPU
		{3936A2D0-BDB0-4E9E-9261-BF3B111DECC4}.Debug|Mixed Platforms.ActiveCfg = Debug|Any CPU
		{3936A2D0-BDB0-4E9E-9261-BF3B111DECC4}.Debug|Mixed Platforms.Build.0 = Debug|Any CPU
		{3936A2D0-BDB0-4E9E-9261-BF3B111DECC4}.Debug|x86.ActiveCfg = Debug|Any CPU
		{3936A2D0-BDB0-4E9E-9261-BF3B111DECC4}.Release|Any CPU.ActiveCfg = Release|Any CPU
		{3936A2D0-BDB0-4E9E-9261-BF3B111DECC4}.Release|Any CPU.Build.0 = Release|Any CPU
		{3936A2D0-BDB0-4E9E-9261-BF3B111DECC4}.Release|Mixed Platforms.ActiveCfg = Release|Any CPU
		{3936A2D0-BDB0-4E9E-9261-BF3B111DECC4}.Release|Mixed Platforms.Build.0 = Release|Any CPU
		{3936A2D0-BDB0-4E9E-9261-BF3B111DECC4}.Release|x86.ActiveCfg = Release|Any CPU
		{11772E84-801D-42CD-813D-D13A398293BA}.Debug|Any CPU.ActiveCfg = Debug|Any CPU
		{11772E84-801D-42CD-813D-D13A398293BA}.Debug|Any CPU.Build.0 = Debug|Any CPU
		{11772E84-801D-42CD-813D-D13A398293BA}.Debug|Mixed Platforms.ActiveCfg = Debug|Any CPU
		{11772E84-801D-42CD-813D-D13A398293BA}.Debug|Mixed Platforms.Build.0 = Debug|Any CPU
		{11772E84-801D-42CD-813D-D13A398293BA}.Debug|x86.ActiveCfg = Debug|Any CPU
		{11772E84-801D-42CD-813D-D13A398293BA}.Release|Any CPU.ActiveCfg = Release|Any CPU
		{11772E84-801D-42CD-813D-D13A398293BA}.Release|Any CPU.Build.0 = Release|Any CPU
		{11772E84-801D-42CD-813D-D13A398293BA}.Release|Mixed Platforms.ActiveCfg = Release|Any CPU
		{11772E84-801D-42CD-813D-D13A398293BA}.Release|Mixed Platforms.Build.0 = Release|Any CPU
		{11772E84-801D-42CD-813D-D13A398293BA}.Release|x86.ActiveCfg = Release|Any CPU
		{A38A6006-F09C-4CAC-85E9-D3F93134EA18}.Debug|Any CPU.ActiveCfg = Debug|Any CPU
		{A38A6006-F09C-4CAC-85E9-D3F93134EA18}.Debug|Any CPU.Build.0 = Debug|Any CPU
		{A38A6006-F09C-4CAC-85E9-D3F93134EA18}.Debug|Mixed Platforms.ActiveCfg = Debug|Any CPU
		{A38A6006-F09C-4CAC-85E9-D3F93134EA18}.Debug|Mixed Platforms.Build.0 = Debug|Any CPU
		{A38A6006-F09C-4CAC-85E9-D3F93134EA18}.Debug|x86.ActiveCfg = Debug|Any CPU
		{A38A6006-F09C-4CAC-85E9-D3F93134EA18}.Debug|x86.Build.0 = Debug|Any CPU
		{A38A6006-F09C-4CAC-85E9-D3F93134EA18}.Release|Any CPU.ActiveCfg = Release|Any CPU
		{A38A6006-F09C-4CAC-85E9-D3F93134EA18}.Release|Any CPU.Build.0 = Release|Any CPU
		{A38A6006-F09C-4CAC-85E9-D3F93134EA18}.Release|Mixed Platforms.ActiveCfg = Release|Any CPU
		{A38A6006-F09C-4CAC-85E9-D3F93134EA18}.Release|Mixed Platforms.Build.0 = Release|Any CPU
		{A38A6006-F09C-4CAC-85E9-D3F93134EA18}.Release|x86.ActiveCfg = Release|Any CPU
		{A38A6006-F09C-4CAC-85E9-D3F93134EA18}.Release|x86.Build.0 = Release|Any CPU
		{3CF03379-53E7-464C-BA9C-52836ED8D8C9}.Debug|Any CPU.ActiveCfg = Debug|Any CPU
		{3CF03379-53E7-464C-BA9C-52836ED8D8C9}.Debug|Any CPU.Build.0 = Debug|Any CPU
		{3CF03379-53E7-464C-BA9C-52836ED8D8C9}.Debug|Mixed Platforms.ActiveCfg = Debug|Any CPU
		{3CF03379-53E7-464C-BA9C-52836ED8D8C9}.Debug|Mixed Platforms.Build.0 = Debug|Any CPU
		{3CF03379-53E7-464C-BA9C-52836ED8D8C9}.Debug|x86.ActiveCfg = Debug|Any CPU
		{3CF03379-53E7-464C-BA9C-52836ED8D8C9}.Debug|x86.Build.0 = Debug|Any CPU
		{3CF03379-53E7-464C-BA9C-52836ED8D8C9}.Release|Any CPU.ActiveCfg = Release|Any CPU
		{3CF03379-53E7-464C-BA9C-52836ED8D8C9}.Release|Any CPU.Build.0 = Release|Any CPU
		{3CF03379-53E7-464C-BA9C-52836ED8D8C9}.Release|Mixed Platforms.ActiveCfg = Release|Any CPU
		{3CF03379-53E7-464C-BA9C-52836ED8D8C9}.Release|Mixed Platforms.Build.0 = Release|Any CPU
		{3CF03379-53E7-464C-BA9C-52836ED8D8C9}.Release|x86.ActiveCfg = Release|Any CPU
		{3CF03379-53E7-464C-BA9C-52836ED8D8C9}.Release|x86.Build.0 = Release|Any CPU
		{8ADBE4BE-F540-4822-9849-57E82A18F858}.Debug|Any CPU.ActiveCfg = Debug|Any CPU
		{8ADBE4BE-F540-4822-9849-57E82A18F858}.Debug|Any CPU.Build.0 = Debug|Any CPU
		{8ADBE4BE-F540-4822-9849-57E82A18F858}.Debug|Mixed Platforms.ActiveCfg = Debug|Any CPU
		{8ADBE4BE-F540-4822-9849-57E82A18F858}.Debug|Mixed Platforms.Build.0 = Debug|Any CPU
		{8ADBE4BE-F540-4822-9849-57E82A18F858}.Debug|x86.ActiveCfg = Debug|Any CPU
		{8ADBE4BE-F540-4822-9849-57E82A18F858}.Debug|x86.Build.0 = Debug|Any CPU
		{8ADBE4BE-F540-4822-9849-57E82A18F858}.Release|Any CPU.ActiveCfg = Release|Any CPU
		{8ADBE4BE-F540-4822-9849-57E82A18F858}.Release|Any CPU.Build.0 = Release|Any CPU
		{8ADBE4BE-F540-4822-9849-57E82A18F858}.Release|Mixed Platforms.ActiveCfg = Release|Any CPU
		{8ADBE4BE-F540-4822-9849-57E82A18F858}.Release|Mixed Platforms.Build.0 = Release|Any CPU
		{8ADBE4BE-F540-4822-9849-57E82A18F858}.Release|x86.ActiveCfg = Release|Any CPU
		{8ADBE4BE-F540-4822-9849-57E82A18F858}.Release|x86.Build.0 = Release|Any CPU
		{602E2C94-90C3-4EED-A4B1-3CB0AB6D9C5A}.Debug|Any CPU.ActiveCfg = Debug|Any CPU
		{602E2C94-90C3-4EED-A4B1-3CB0AB6D9C5A}.Debug|Any CPU.Build.0 = Debug|Any CPU
		{602E2C94-90C3-4EED-A4B1-3CB0AB6D9C5A}.Debug|Mixed Platforms.ActiveCfg = Debug|Any CPU
		{602E2C94-90C3-4EED-A4B1-3CB0AB6D9C5A}.Debug|Mixed Platforms.Build.0 = Debug|Any CPU
		{602E2C94-90C3-4EED-A4B1-3CB0AB6D9C5A}.Debug|x86.ActiveCfg = Debug|Any CPU
		{602E2C94-90C3-4EED-A4B1-3CB0AB6D9C5A}.Debug|x86.Build.0 = Debug|Any CPU
		{602E2C94-90C3-4EED-A4B1-3CB0AB6D9C5A}.Release|Any CPU.ActiveCfg = Release|Any CPU
		{602E2C94-90C3-4EED-A4B1-3CB0AB6D9C5A}.Release|Any CPU.Build.0 = Release|Any CPU
		{602E2C94-90C3-4EED-A4B1-3CB0AB6D9C5A}.Release|Mixed Platforms.ActiveCfg = Release|Any CPU
		{602E2C94-90C3-4EED-A4B1-3CB0AB6D9C5A}.Release|Mixed Platforms.Build.0 = Release|Any CPU
		{602E2C94-90C3-4EED-A4B1-3CB0AB6D9C5A}.Release|x86.ActiveCfg = Release|Any CPU
		{602E2C94-90C3-4EED-A4B1-3CB0AB6D9C5A}.Release|x86.Build.0 = Release|Any CPU
		{5F9DE9E0-1F8F-4C7E-8FBF-76AC7E437E17}.Debug|Any CPU.ActiveCfg = Debug|Any CPU
		{5F9DE9E0-1F8F-4C7E-8FBF-76AC7E437E17}.Debug|Any CPU.Build.0 = Debug|Any CPU
		{5F9DE9E0-1F8F-4C7E-8FBF-76AC7E437E17}.Debug|Mixed Platforms.ActiveCfg = Debug|Any CPU
		{5F9DE9E0-1F8F-4C7E-8FBF-76AC7E437E17}.Debug|Mixed Platforms.Build.0 = Debug|Any CPU
		{5F9DE9E0-1F8F-4C7E-8FBF-76AC7E437E17}.Debug|x86.ActiveCfg = Debug|Any CPU
		{5F9DE9E0-1F8F-4C7E-8FBF-76AC7E437E17}.Debug|x86.Build.0 = Debug|Any CPU
		{5F9DE9E0-1F8F-4C7E-8FBF-76AC7E437E17}.Release|Any CPU.ActiveCfg = Release|Any CPU
		{5F9DE9E0-1F8F-4C7E-8FBF-76AC7E437E17}.Release|Any CPU.Build.0 = Release|Any CPU
		{5F9DE9E0-1F8F-4C7E-8FBF-76AC7E437E17}.Release|Mixed Platforms.ActiveCfg = Release|Any CPU
		{5F9DE9E0-1F8F-4C7E-8FBF-76AC7E437E17}.Release|Mixed Platforms.Build.0 = Release|Any CPU
		{5F9DE9E0-1F8F-4C7E-8FBF-76AC7E437E17}.Release|x86.ActiveCfg = Release|Any CPU
		{5F9DE9E0-1F8F-4C7E-8FBF-76AC7E437E17}.Release|x86.Build.0 = Release|Any CPU
		{1D5F5835-265A-4EE7-BF4A-6524189F05E8}.Debug|Any CPU.ActiveCfg = Debug|Any CPU
		{1D5F5835-265A-4EE7-BF4A-6524189F05E8}.Debug|Any CPU.Build.0 = Debug|Any CPU
		{1D5F5835-265A-4EE7-BF4A-6524189F05E8}.Debug|Mixed Platforms.ActiveCfg = Debug|Any CPU
		{1D5F5835-265A-4EE7-BF4A-6524189F05E8}.Debug|Mixed Platforms.Build.0 = Debug|Any CPU
		{1D5F5835-265A-4EE7-BF4A-6524189F05E8}.Debug|x86.ActiveCfg = Debug|Any CPU
		{1D5F5835-265A-4EE7-BF4A-6524189F05E8}.Debug|x86.Build.0 = Debug|Any CPU
		{1D5F5835-265A-4EE7-BF4A-6524189F05E8}.Release|Any CPU.ActiveCfg = Release|Any CPU
		{1D5F5835-265A-4EE7-BF4A-6524189F05E8}.Release|Any CPU.Build.0 = Release|Any CPU
		{1D5F5835-265A-4EE7-BF4A-6524189F05E8}.Release|Mixed Platforms.ActiveCfg = Release|Any CPU
		{1D5F5835-265A-4EE7-BF4A-6524189F05E8}.Release|Mixed Platforms.Build.0 = Release|Any CPU
		{1D5F5835-265A-4EE7-BF4A-6524189F05E8}.Release|x86.ActiveCfg = Release|Any CPU
		{1D5F5835-265A-4EE7-BF4A-6524189F05E8}.Release|x86.Build.0 = Release|Any CPU
		{B1FA79E7-2DC7-4820-8B90-1E7EEB8D9CE5}.Debug|Any CPU.ActiveCfg = Debug|Any CPU
		{B1FA79E7-2DC7-4820-8B90-1E7EEB8D9CE5}.Debug|Any CPU.Build.0 = Debug|Any CPU
		{B1FA79E7-2DC7-4820-8B90-1E7EEB8D9CE5}.Debug|Mixed Platforms.ActiveCfg = Debug|Any CPU
		{B1FA79E7-2DC7-4820-8B90-1E7EEB8D9CE5}.Debug|Mixed Platforms.Build.0 = Debug|Any CPU
		{B1FA79E7-2DC7-4820-8B90-1E7EEB8D9CE5}.Debug|x86.ActiveCfg = Debug|Any CPU
		{B1FA79E7-2DC7-4820-8B90-1E7EEB8D9CE5}.Debug|x86.Build.0 = Debug|Any CPU
		{B1FA79E7-2DC7-4820-8B90-1E7EEB8D9CE5}.Release|Any CPU.ActiveCfg = Release|Any CPU
		{B1FA79E7-2DC7-4820-8B90-1E7EEB8D9CE5}.Release|Any CPU.Build.0 = Release|Any CPU
		{B1FA79E7-2DC7-4820-8B90-1E7EEB8D9CE5}.Release|Mixed Platforms.ActiveCfg = Release|Any CPU
		{B1FA79E7-2DC7-4820-8B90-1E7EEB8D9CE5}.Release|Mixed Platforms.Build.0 = Release|Any CPU
		{B1FA79E7-2DC7-4820-8B90-1E7EEB8D9CE5}.Release|x86.ActiveCfg = Release|Any CPU
		{B1FA79E7-2DC7-4820-8B90-1E7EEB8D9CE5}.Release|x86.Build.0 = Release|Any CPU
		{1DBC8173-C603-47C7-9D43-963B33637356}.Debug|Any CPU.ActiveCfg = Debug|Any CPU
		{1DBC8173-C603-47C7-9D43-963B33637356}.Debug|Any CPU.Build.0 = Debug|Any CPU
		{1DBC8173-C603-47C7-9D43-963B33637356}.Debug|Mixed Platforms.ActiveCfg = Debug|Any CPU
		{1DBC8173-C603-47C7-9D43-963B33637356}.Debug|Mixed Platforms.Build.0 = Debug|Any CPU
		{1DBC8173-C603-47C7-9D43-963B33637356}.Debug|x86.ActiveCfg = Debug|Any CPU
		{1DBC8173-C603-47C7-9D43-963B33637356}.Debug|x86.Build.0 = Debug|Any CPU
		{1DBC8173-C603-47C7-9D43-963B33637356}.Release|Any CPU.ActiveCfg = Release|Any CPU
		{1DBC8173-C603-47C7-9D43-963B33637356}.Release|Any CPU.Build.0 = Release|Any CPU
		{1DBC8173-C603-47C7-9D43-963B33637356}.Release|Mixed Platforms.ActiveCfg = Release|Any CPU
		{1DBC8173-C603-47C7-9D43-963B33637356}.Release|Mixed Platforms.Build.0 = Release|Any CPU
		{1DBC8173-C603-47C7-9D43-963B33637356}.Release|x86.ActiveCfg = Release|Any CPU
		{1DBC8173-C603-47C7-9D43-963B33637356}.Release|x86.Build.0 = Release|Any CPU
		{5F0AE3F8-6C53-48CB-A3C9-23E5A1271F00}.Debug|Any CPU.ActiveCfg = Debug|Any CPU
		{5F0AE3F8-6C53-48CB-A3C9-23E5A1271F00}.Debug|Any CPU.Build.0 = Debug|Any CPU
		{5F0AE3F8-6C53-48CB-A3C9-23E5A1271F00}.Debug|Mixed Platforms.ActiveCfg = Debug|Any CPU
		{5F0AE3F8-6C53-48CB-A3C9-23E5A1271F00}.Debug|Mixed Platforms.Build.0 = Debug|Any CPU
		{5F0AE3F8-6C53-48CB-A3C9-23E5A1271F00}.Debug|x86.ActiveCfg = Debug|Any CPU
		{5F0AE3F8-6C53-48CB-A3C9-23E5A1271F00}.Debug|x86.Build.0 = Debug|Any CPU
		{5F0AE3F8-6C53-48CB-A3C9-23E5A1271F00}.Release|Any CPU.ActiveCfg = Release|Any CPU
		{5F0AE3F8-6C53-48CB-A3C9-23E5A1271F00}.Release|Any CPU.Build.0 = Release|Any CPU
		{5F0AE3F8-6C53-48CB-A3C9-23E5A1271F00}.Release|Mixed Platforms.ActiveCfg = Release|Any CPU
		{5F0AE3F8-6C53-48CB-A3C9-23E5A1271F00}.Release|Mixed Platforms.Build.0 = Release|Any CPU
		{5F0AE3F8-6C53-48CB-A3C9-23E5A1271F00}.Release|x86.ActiveCfg = Release|Any CPU
		{5F0AE3F8-6C53-48CB-A3C9-23E5A1271F00}.Release|x86.Build.0 = Release|Any CPU
		{418EB3C8-9BBF-435A-B59F-32DAF31F4CCF}.Debug|Any CPU.ActiveCfg = Debug|Any CPU
		{418EB3C8-9BBF-435A-B59F-32DAF31F4CCF}.Debug|Any CPU.Build.0 = Debug|Any CPU
		{418EB3C8-9BBF-435A-B59F-32DAF31F4CCF}.Debug|Mixed Platforms.ActiveCfg = Debug|Any CPU
		{418EB3C8-9BBF-435A-B59F-32DAF31F4CCF}.Debug|Mixed Platforms.Build.0 = Debug|Any CPU
		{418EB3C8-9BBF-435A-B59F-32DAF31F4CCF}.Debug|x86.ActiveCfg = Debug|Any CPU
		{418EB3C8-9BBF-435A-B59F-32DAF31F4CCF}.Debug|x86.Build.0 = Debug|Any CPU
		{418EB3C8-9BBF-435A-B59F-32DAF31F4CCF}.Release|Any CPU.ActiveCfg = Release|Any CPU
		{418EB3C8-9BBF-435A-B59F-32DAF31F4CCF}.Release|Any CPU.Build.0 = Release|Any CPU
		{418EB3C8-9BBF-435A-B59F-32DAF31F4CCF}.Release|Mixed Platforms.ActiveCfg = Release|Any CPU
		{418EB3C8-9BBF-435A-B59F-32DAF31F4CCF}.Release|Mixed Platforms.Build.0 = Release|Any CPU
		{418EB3C8-9BBF-435A-B59F-32DAF31F4CCF}.Release|x86.ActiveCfg = Release|Any CPU
		{418EB3C8-9BBF-435A-B59F-32DAF31F4CCF}.Release|x86.Build.0 = Release|Any CPU
		{4ABA9A0C-919E-4552-99F1-CDCBE3379C27}.Debug|Any CPU.ActiveCfg = Debug|Any CPU
		{4ABA9A0C-919E-4552-99F1-CDCBE3379C27}.Debug|Any CPU.Build.0 = Debug|Any CPU
		{4ABA9A0C-919E-4552-99F1-CDCBE3379C27}.Debug|Mixed Platforms.ActiveCfg = Debug|Any CPU
		{4ABA9A0C-919E-4552-99F1-CDCBE3379C27}.Debug|Mixed Platforms.Build.0 = Debug|Any CPU
		{4ABA9A0C-919E-4552-99F1-CDCBE3379C27}.Debug|x86.ActiveCfg = Debug|Any CPU
		{4ABA9A0C-919E-4552-99F1-CDCBE3379C27}.Debug|x86.Build.0 = Debug|Any CPU
		{4ABA9A0C-919E-4552-99F1-CDCBE3379C27}.Release|Any CPU.ActiveCfg = Release|Any CPU
		{4ABA9A0C-919E-4552-99F1-CDCBE3379C27}.Release|Any CPU.Build.0 = Release|Any CPU
		{4ABA9A0C-919E-4552-99F1-CDCBE3379C27}.Release|Mixed Platforms.ActiveCfg = Release|Any CPU
		{4ABA9A0C-919E-4552-99F1-CDCBE3379C27}.Release|Mixed Platforms.Build.0 = Release|Any CPU
		{4ABA9A0C-919E-4552-99F1-CDCBE3379C27}.Release|x86.ActiveCfg = Release|Any CPU
		{4ABA9A0C-919E-4552-99F1-CDCBE3379C27}.Release|x86.Build.0 = Release|Any CPU
		{6EE21F23-0E16-486D-AEAF-562BEC59CCB0}.Debug|Any CPU.ActiveCfg = Debug|Any CPU
		{6EE21F23-0E16-486D-AEAF-562BEC59CCB0}.Debug|Any CPU.Build.0 = Debug|Any CPU
		{6EE21F23-0E16-486D-AEAF-562BEC59CCB0}.Debug|Mixed Platforms.ActiveCfg = Debug|Any CPU
		{6EE21F23-0E16-486D-AEAF-562BEC59CCB0}.Debug|Mixed Platforms.Build.0 = Debug|Any CPU
		{6EE21F23-0E16-486D-AEAF-562BEC59CCB0}.Debug|x86.ActiveCfg = Debug|Any CPU
		{6EE21F23-0E16-486D-AEAF-562BEC59CCB0}.Debug|x86.Build.0 = Debug|Any CPU
		{6EE21F23-0E16-486D-AEAF-562BEC59CCB0}.Release|Any CPU.ActiveCfg = Release|Any CPU
		{6EE21F23-0E16-486D-AEAF-562BEC59CCB0}.Release|Any CPU.Build.0 = Release|Any CPU
		{6EE21F23-0E16-486D-AEAF-562BEC59CCB0}.Release|Mixed Platforms.ActiveCfg = Release|Any CPU
		{6EE21F23-0E16-486D-AEAF-562BEC59CCB0}.Release|Mixed Platforms.Build.0 = Release|Any CPU
		{6EE21F23-0E16-486D-AEAF-562BEC59CCB0}.Release|x86.ActiveCfg = Release|Any CPU
		{6EE21F23-0E16-486D-AEAF-562BEC59CCB0}.Release|x86.Build.0 = Release|Any CPU
	EndGlobalSection
	GlobalSection(SolutionProperties) = preSolution
		HideSolutionNode = FALSE
	EndGlobalSection
	GlobalSection(ExtensibilityGlobals) = postSolution
		SolutionGuid = {6CFEE976-6CAE-41C0-B05A-7FAA17DE8C98}
	EndGlobalSection
EndGlobal
