
Microsoft Visual Studio Solution File, Format Version 11.00
# Visual Studio 2010
Project("{FAE04EC0-301F-11D3-BF4B-00C04F79EFBC}") = "Mobile", "Mobile\Mobile.csproj", "{2CAD6DAD-0EBA-434F-BF12-078BA07DF8F2}"
EndProject
Project("{54435603-DBB4-11D2-8724-00A0C9A8B90C}") = "Bulk sms", "Bulk sms\Bulk sms.vdproj", "{79A8677C-DA36-4395-AC78-12BCBEC50F62}"
EndProject
Global
	GlobalSection(SolutionConfigurationPlatforms) = preSolution
		Debug|Any CPU = Debug|Any CPU
		Release|Any CPU = Release|Any CPU
	EndGlobalSection
	GlobalSection(ProjectConfigurationPlatforms) = postSolution
		{2CAD6DAD-0EBA-434F-BF12-078BA07DF8F2}.Debug|Any CPU.ActiveCfg = Debug|Any CPU
		{2CAD6DAD-0EBA-434F-BF12-078BA07DF8F2}.Debug|Any CPU.Build.0 = Debug|Any CPU
		{2CAD6DAD-0EBA-434F-BF12-078BA07DF8F2}.Release|Any CPU.ActiveCfg = Release|Any CPU
		{2CAD6DAD-0EBA-434F-BF12-078BA07DF8F2}.Release|Any CPU.Build.0 = Release|Any CPU
		{79A8677C-DA36-4395-AC78-12BCBEC50F62}.Debug|Any CPU.ActiveCfg = Debug
		{79A8677C-DA36-4395-AC78-12BCBEC50F62}.Release|Any CPU.ActiveCfg = Release
	EndGlobalSection
	GlobalSection(SolutionProperties) = preSolution
		HideSolutionNode = FALSE
	EndGlobalSection
EndGlobal
