
Microsoft Visual Studio Solution File, Format Version 11.00
# Visual Studio 2010
Project("{F184B08F-C81C-45F6-A57F-5ABD9991F28F}") = "PrintPro", "WeighCON\PrintPro.vbproj", "{7A11389F-EDA2-45FC-9DFA-8FDE4FD66159}"
EndProject
Project("{54435603-DBB4-11D2-8724-00A0C9A8B90C}") = "PrintPro setup", "PrintPro setup\PrintPro setup.vdproj", "{FC35A157-3CA0-4B50-98AB-86A1C4F82E8C}"
EndProject
Global
	GlobalSection(SolutionConfigurationPlatforms) = preSolution
		Debug|x86 = Debug|x86
		Release|x86 = Release|x86
	EndGlobalSection
	GlobalSection(ProjectConfigurationPlatforms) = postSolution
		{7A11389F-EDA2-45FC-9DFA-8FDE4FD66159}.Debug|x86.ActiveCfg = Debug|x86
		{7A11389F-EDA2-45FC-9DFA-8FDE4FD66159}.Debug|x86.Build.0 = Debug|x86
		{7A11389F-EDA2-45FC-9DFA-8FDE4FD66159}.Release|x86.ActiveCfg = Release|x86
		{7A11389F-EDA2-45FC-9DFA-8FDE4FD66159}.Release|x86.Build.0 = Release|x86
		{FC35A157-3CA0-4B50-98AB-86A1C4F82E8C}.Debug|x86.ActiveCfg = Debug
		{FC35A157-3CA0-4B50-98AB-86A1C4F82E8C}.Release|x86.ActiveCfg = Release
	EndGlobalSection
	GlobalSection(SolutionProperties) = preSolution
		HideSolutionNode = FALSE
	EndGlobalSection
EndGlobal
