
Microsoft Visual Studio Solution File, Format Version 12.00
# Visual Studio 2012
Project("{FAE04EC0-301F-11D3-BF4B-00C04F79EFBC}") = "Bridge", "Bridge.csproj", "{C02A3B36-0C6A-4053-862A-3E323F37D563}"
EndProject
Global
	GlobalSection(SolutionConfigurationPlatforms) = preSolution
		Debug|Any CPU = Debug|Any CPU
		Release|Any CPU = Release|Any CPU
	EndGlobalSection
	GlobalSection(ProjectConfigurationPlatforms) = postSolution
		{C02A3B36-0C6A-4053-862A-3E323F37D563}.Debug|Any CPU.ActiveCfg = Debug|Any CPU
		{C02A3B36-0C6A-4053-862A-3E323F37D563}.Debug|Any CPU.Build.0 = Debug|Any CPU
		{C02A3B36-0C6A-4053-862A-3E323F37D563}.Release|Any CPU.ActiveCfg = Release|Any CPU
		{C02A3B36-0C6A-4053-862A-3E323F37D563}.Release|Any CPU.Build.0 = Release|Any CPU
	EndGlobalSection
	GlobalSection(SolutionProperties) = preSolution
		HideSolutionNode = FALSE
	EndGlobalSection
EndGlobal
