Microsoft Visual Studio Solution File, Format Version 8.00
Project("{F184B08F-C81C-45F6-A57F-5ABD9991F28F}") = "Thermo", "Thermo.vbproj", "{0FAB7BC8-21E0-4AEF-BB18-89AFE09E24E5}"
	ProjectSection(ProjectDependencies) = postProject
	EndProjectSection
EndProject
Global
	GlobalSection(SolutionConfiguration) = preSolution
		Debug = Debug
		Release = Release
	EndGlobalSection
	GlobalSection(ProjectConfiguration) = postSolution
		{0FAB7BC8-21E0-4AEF-BB18-89AFE09E24E5}.Debug.ActiveCfg = Debug|.NET
		{0FAB7BC8-21E0-4AEF-BB18-89AFE09E24E5}.Debug.Build.0 = Debug|.NET
		{0FAB7BC8-21E0-4AEF-BB18-89AFE09E24E5}.Release.ActiveCfg = Release|.NET
		{0FAB7BC8-21E0-4AEF-BB18-89AFE09E24E5}.Release.Build.0 = Release|.NET
	EndGlobalSection
	GlobalSection(ExtensibilityGlobals) = postSolution
	EndGlobalSection
	GlobalSection(ExtensibilityAddIns) = postSolution
	EndGlobalSection
EndGlobal
