
Microsoft Visual Studio Solution File, Format Version 12.00
# Visual Studio Version 16
VisualStudioVersion = 16.0.28721.148
MinimumVisualStudioVersion = 10.0.40219.1
Project("{FAE04EC0-301F-11D3-BF4B-00C04F79EFBC}") = "Switch", "S-Mobile\Switch.csproj", "{4CC7A6D0-6298-46F2-9EA7-D9795DA63CB6}"
EndProject
Project("{FAE04EC0-301F-11D3-BF4B-00C04F79EFBC}") = "Logging", "Logging\Logging.csproj", "{1C78E6B7-870D-41D4-8234-FB43FE8B16B9}"
EndProject
Project("{FAE04EC0-301F-11D3-BF4B-00C04F79EFBC}") = "Sdp", "..\Sms\SMS_Polling_Service\Sdp.csproj", "{84E712B9-2D9E-4C8C-8A21-AD119FB3CE09}"
EndProject
Project("{FAE04EC0-301F-11D3-BF4B-00C04F79EFBC}") = "S_Ussd", "S_Ussd\S_Ussd\S_Ussd.csproj", "{066EBE25-1F60-4B98-AEAA-07AA0713C163}"
EndProject
Project("{FAE04EC0-301F-11D3-BF4B-00C04F79EFBC}") = "S-Mobile Service", "S-Mobile Service\S-Mobile Service.csproj", "{6211750A-DE30-4336-BC97-351C024AC697}"
EndProject
Project("{FAE04EC0-301F-11D3-BF4B-00C04F79EFBC}") = "Ollin", "Clients\Ollin\Ollin.csproj", "{59210A1E-BF21-4AB5-A441-D5D50F0012AB}"
EndProject
Project("{FAE04EC0-301F-11D3-BF4B-00C04F79EFBC}") = "Data", "..\..\Sms\Data\Data\Data\Data.csproj", "{5F0AE3F8-6C53-48CB-A3C9-23E5A1271F00}"
EndProject
Project("{FAE04EC0-301F-11D3-BF4B-00C04F79EFBC}") = "Bandari", "Clients\Bandari\Bandari.csproj", "{9899E0BC-2B6E-4223-B2EE-DE32F2592E17}"
EndProject
Project("{FAE04EC0-301F-11D3-BF4B-00C04F79EFBC}") = "smsdll40", "..\..\Sms\Sendsms40\smsdll40.csproj", "{231B7D65-2853-4F46-92A8-5A345EE226A0}"
EndProject
Project("{FAE04EC0-301F-11D3-BF4B-00C04F79EFBC}") = "SmsService", "..\..\Sms\SmsService\SmsService.csproj", "{69ADA2E0-D155-42B7-9B6E-F6630561BDA2}"
EndProject
Project("{FAE04EC0-301F-11D3-BF4B-00C04F79EFBC}") = "Test console", "Test console\Test console.csproj", "{DEAD5CE7-D087-4981-A82C-6125E9327104}"
EndProject
Project("{FAE04EC0-301F-11D3-BF4B-00C04F79EFBC}") = "Mpesa sand", "..\..\Sms\Mpesa\Mpesa sand.csproj", "{AA6233FB-F448-426E-8DE0-128C17B4B904}"
EndProject
Project("{FAE04EC0-301F-11D3-BF4B-00C04F79EFBC}") = "Mpesa Endpoints", "..\..\Sms\Mpesa Api\Mpesa Endpoints.csproj", "{1E64785A-9FF4-4676-B29D-BE8A2343220D}"
EndProject
Project("{FAE04EC0-301F-11D3-BF4B-00C04F79EFBC}") = "RunCodunit1", "..\..\RunCodunit\RunCodunit1.csproj", "{2AE99794-F9D4-45CB-90C1-34A3D6BF7913}"
EndProject
Project("{FAE04EC0-301F-11D3-BF4B-00C04F79EFBC}") = "Mpesa", "Mpesa\Mpesa.csproj", "{3EFCFDBC-DBA7-4E15-9F58-C4631F94381B}"
EndProject
Project("{FAE04EC0-301F-11D3-BF4B-00C04F79EFBC}") = "Navsmses", "..\..\Sms\NavSms\RunCodunit\Navsmses.csproj", "{81FEA21F-ED8D-4EEC-8A4D-CA4BB3C6233F}"
EndProject
Project("{FAE04EC0-301F-11D3-BF4B-00C04F79EFBC}") = "Bandari Posting", "..\..\Bandari Posting\Bandari Posting.csproj", "{BBE9EB7D-43CC-4352-B829-BC9B02E1D7E1}"
EndProject
Project("{FAE04EC0-301F-11D3-BF4B-00C04F79EFBC}") = "Bandari Spotcash", "..\..\BandariSpotcash\MobileService\Bandari Spotcash.csproj", "{602E2C94-90C3-4EED-A4B1-3CB0AB6D9C5A}"
EndProject
Project("{FAE04EC0-301F-11D3-BF4B-00C04F79EFBC}") = "Mobilesasa", "Mobilesasa\Mobilesasa.csproj", "{2FBB58C7-C7C6-4B90-A4DD-173319772590}"
EndProject
Project("{FAE04EC0-301F-11D3-BF4B-00C04F79EFBC}") = "Sheria", "Clients\Sheria\Sheria.csproj", "{3968B9C6-4D48-4361-8AB8-E444D3326191}"
EndProject
Project("{FAE04EC0-301F-11D3-BF4B-00C04F79EFBC}") = "Erpnext", "Erpnext\Erpnext.csproj", "{E0D6D3C6-7765-4787-9176-8DF0838A6D65}"
EndProject
Global
	GlobalSection(SolutionConfigurationPlatforms) = preSolution
		Debug|Any CPU = Debug|Any CPU
		Debug|x86 = Debug|x86
		Release|Any CPU = Release|Any CPU
		Release|x86 = Release|x86
	EndGlobalSection
	GlobalSection(ProjectConfigurationPlatforms) = postSolution
		{4CC7A6D0-6298-46F2-9EA7-D9795DA63CB6}.Debug|Any CPU.ActiveCfg = Debug|Any CPU
		{4CC7A6D0-6298-46F2-9EA7-D9795DA63CB6}.Debug|Any CPU.Build.0 = Debug|Any CPU
		{4CC7A6D0-6298-46F2-9EA7-D9795DA63CB6}.Debug|x86.ActiveCfg = Debug|Any CPU
		{4CC7A6D0-6298-46F2-9EA7-D9795DA63CB6}.Debug|x86.Build.0 = Debug|Any CPU
		{4CC7A6D0-6298-46F2-9EA7-D9795DA63CB6}.Release|Any CPU.ActiveCfg = Release|Any CPU
		{4CC7A6D0-6298-46F2-9EA7-D9795DA63CB6}.Release|Any CPU.Build.0 = Release|Any CPU
		{4CC7A6D0-6298-46F2-9EA7-D9795DA63CB6}.Release|x86.ActiveCfg = Release|Any CPU
		{4CC7A6D0-6298-46F2-9EA7-D9795DA63CB6}.Release|x86.Build.0 = Release|Any CPU
		{1C78E6B7-870D-41D4-8234-FB43FE8B16B9}.Debug|Any CPU.ActiveCfg = Debug|Any CPU
		{1C78E6B7-870D-41D4-8234-FB43FE8B16B9}.Debug|Any CPU.Build.0 = Debug|Any CPU
		{1C78E6B7-870D-41D4-8234-FB43FE8B16B9}.Debug|x86.ActiveCfg = Debug|Any CPU
		{1C78E6B7-870D-41D4-8234-FB43FE8B16B9}.Debug|x86.Build.0 = Debug|Any CPU
		{1C78E6B7-870D-41D4-8234-FB43FE8B16B9}.Release|Any CPU.ActiveCfg = Release|Any CPU
		{1C78E6B7-870D-41D4-8234-FB43FE8B16B9}.Release|Any CPU.Build.0 = Release|Any CPU
		{1C78E6B7-870D-41D4-8234-FB43FE8B16B9}.Release|x86.ActiveCfg = Release|Any CPU
		{1C78E6B7-870D-41D4-8234-FB43FE8B16B9}.Release|x86.Build.0 = Release|Any CPU
		{84E712B9-2D9E-4C8C-8A21-AD119FB3CE09}.Debug|Any CPU.ActiveCfg = Debug|Any CPU
		{84E712B9-2D9E-4C8C-8A21-AD119FB3CE09}.Debug|Any CPU.Build.0 = Debug|Any CPU
		{84E712B9-2D9E-4C8C-8A21-AD119FB3CE09}.Debug|x86.ActiveCfg = Debug|Any CPU
		{84E712B9-2D9E-4C8C-8A21-AD119FB3CE09}.Debug|x86.Build.0 = Debug|Any CPU
		{84E712B9-2D9E-4C8C-8A21-AD119FB3CE09}.Release|Any CPU.ActiveCfg = Release|Any CPU
		{84E712B9-2D9E-4C8C-8A21-AD119FB3CE09}.Release|Any CPU.Build.0 = Release|Any CPU
		{84E712B9-2D9E-4C8C-8A21-AD119FB3CE09}.Release|x86.ActiveCfg = Release|Any CPU
		{84E712B9-2D9E-4C8C-8A21-AD119FB3CE09}.Release|x86.Build.0 = Release|Any CPU
		{066EBE25-1F60-4B98-AEAA-07AA0713C163}.Debug|Any CPU.ActiveCfg = Debug|Any CPU
		{066EBE25-1F60-4B98-AEAA-07AA0713C163}.Debug|Any CPU.Build.0 = Debug|Any CPU
		{066EBE25-1F60-4B98-AEAA-07AA0713C163}.Debug|x86.ActiveCfg = Debug|Any CPU
		{066EBE25-1F60-4B98-AEAA-07AA0713C163}.Debug|x86.Build.0 = Debug|Any CPU
		{066EBE25-1F60-4B98-AEAA-07AA0713C163}.Release|Any CPU.ActiveCfg = Release|Any CPU
		{066EBE25-1F60-4B98-AEAA-07AA0713C163}.Release|Any CPU.Build.0 = Release|Any CPU
		{066EBE25-1F60-4B98-AEAA-07AA0713C163}.Release|x86.ActiveCfg = Release|Any CPU
		{066EBE25-1F60-4B98-AEAA-07AA0713C163}.Release|x86.Build.0 = Release|Any CPU
		{6211750A-DE30-4336-BC97-351C024AC697}.Debug|Any CPU.ActiveCfg = Debug|Any CPU
		{6211750A-DE30-4336-BC97-351C024AC697}.Debug|Any CPU.Build.0 = Debug|Any CPU
		{6211750A-DE30-4336-BC97-351C024AC697}.Debug|x86.ActiveCfg = Debug|Any CPU
		{6211750A-DE30-4336-BC97-351C024AC697}.Debug|x86.Build.0 = Debug|Any CPU
		{6211750A-DE30-4336-BC97-351C024AC697}.Release|Any CPU.ActiveCfg = Release|Any CPU
		{6211750A-DE30-4336-BC97-351C024AC697}.Release|Any CPU.Build.0 = Release|Any CPU
		{6211750A-DE30-4336-BC97-351C024AC697}.Release|x86.ActiveCfg = Release|Any CPU
		{6211750A-DE30-4336-BC97-351C024AC697}.Release|x86.Build.0 = Release|Any CPU
		{59210A1E-BF21-4AB5-A441-D5D50F0012AB}.Debug|Any CPU.ActiveCfg = Debug|Any CPU
		{59210A1E-BF21-4AB5-A441-D5D50F0012AB}.Debug|Any CPU.Build.0 = Debug|Any CPU
		{59210A1E-BF21-4AB5-A441-D5D50F0012AB}.Debug|x86.ActiveCfg = Debug|Any CPU
		{59210A1E-BF21-4AB5-A441-D5D50F0012AB}.Debug|x86.Build.0 = Debug|Any CPU
		{59210A1E-BF21-4AB5-A441-D5D50F0012AB}.Release|Any CPU.ActiveCfg = Release|Any CPU
		{59210A1E-BF21-4AB5-A441-D5D50F0012AB}.Release|Any CPU.Build.0 = Release|Any CPU
		{59210A1E-BF21-4AB5-A441-D5D50F0012AB}.Release|x86.ActiveCfg = Release|Any CPU
		{59210A1E-BF21-4AB5-A441-D5D50F0012AB}.Release|x86.Build.0 = Release|Any CPU
		{5F0AE3F8-6C53-48CB-A3C9-23E5A1271F00}.Debug|Any CPU.ActiveCfg = Debug|Any CPU
		{5F0AE3F8-6C53-48CB-A3C9-23E5A1271F00}.Debug|Any CPU.Build.0 = Debug|Any CPU
		{5F0AE3F8-6C53-48CB-A3C9-23E5A1271F00}.Debug|x86.ActiveCfg = Debug|Any CPU
		{5F0AE3F8-6C53-48CB-A3C9-23E5A1271F00}.Debug|x86.Build.0 = Debug|Any CPU
		{5F0AE3F8-6C53-48CB-A3C9-23E5A1271F00}.Release|Any CPU.ActiveCfg = Release|Any CPU
		{5F0AE3F8-6C53-48CB-A3C9-23E5A1271F00}.Release|Any CPU.Build.0 = Release|Any CPU
		{5F0AE3F8-6C53-48CB-A3C9-23E5A1271F00}.Release|x86.ActiveCfg = Release|Any CPU
		{5F0AE3F8-6C53-48CB-A3C9-23E5A1271F00}.Release|x86.Build.0 = Release|Any CPU
		{9899E0BC-2B6E-4223-B2EE-DE32F2592E17}.Debug|Any CPU.ActiveCfg = Debug|Any CPU
		{9899E0BC-2B6E-4223-B2EE-DE32F2592E17}.Debug|Any CPU.Build.0 = Debug|Any CPU
		{9899E0BC-2B6E-4223-B2EE-DE32F2592E17}.Debug|x86.ActiveCfg = Debug|Any CPU
		{9899E0BC-2B6E-4223-B2EE-DE32F2592E17}.Debug|x86.Build.0 = Debug|Any CPU
		{9899E0BC-2B6E-4223-B2EE-DE32F2592E17}.Release|Any CPU.ActiveCfg = Release|Any CPU
		{9899E0BC-2B6E-4223-B2EE-DE32F2592E17}.Release|Any CPU.Build.0 = Release|Any CPU
		{9899E0BC-2B6E-4223-B2EE-DE32F2592E17}.Release|x86.ActiveCfg = Release|Any CPU
		{9899E0BC-2B6E-4223-B2EE-DE32F2592E17}.Release|x86.Build.0 = Release|Any CPU
		{231B7D65-2853-4F46-92A8-5A345EE226A0}.Debug|Any CPU.ActiveCfg = Debug|Any CPU
		{231B7D65-2853-4F46-92A8-5A345EE226A0}.Debug|Any CPU.Build.0 = Debug|Any CPU
		{231B7D65-2853-4F46-92A8-5A345EE226A0}.Debug|x86.ActiveCfg = Debug|Any CPU
		{231B7D65-2853-4F46-92A8-5A345EE226A0}.Debug|x86.Build.0 = Debug|Any CPU
		{231B7D65-2853-4F46-92A8-5A345EE226A0}.Release|Any CPU.ActiveCfg = Release|Any CPU
		{231B7D65-2853-4F46-92A8-5A345EE226A0}.Release|Any CPU.Build.0 = Release|Any CPU
		{231B7D65-2853-4F46-92A8-5A345EE226A0}.Release|x86.ActiveCfg = Release|Any CPU
		{231B7D65-2853-4F46-92A8-5A345EE226A0}.Release|x86.Build.0 = Release|Any CPU
		{69ADA2E0-D155-42B7-9B6E-F6630561BDA2}.Debug|Any CPU.ActiveCfg = Debug|Any CPU
		{69ADA2E0-D155-42B7-9B6E-F6630561BDA2}.Debug|Any CPU.Build.0 = Debug|Any CPU
		{69ADA2E0-D155-42B7-9B6E-F6630561BDA2}.Debug|x86.ActiveCfg = Debug|Any CPU
		{69ADA2E0-D155-42B7-9B6E-F6630561BDA2}.Debug|x86.Build.0 = Debug|Any CPU
		{69ADA2E0-D155-42B7-9B6E-F6630561BDA2}.Release|Any CPU.ActiveCfg = Release|Any CPU
		{69ADA2E0-D155-42B7-9B6E-F6630561BDA2}.Release|Any CPU.Build.0 = Release|Any CPU
		{69ADA2E0-D155-42B7-9B6E-F6630561BDA2}.Release|x86.ActiveCfg = Release|Any CPU
		{69ADA2E0-D155-42B7-9B6E-F6630561BDA2}.Release|x86.Build.0 = Release|Any CPU
		{DEAD5CE7-D087-4981-A82C-6125E9327104}.Debug|Any CPU.ActiveCfg = Debug|Any CPU
		{DEAD5CE7-D087-4981-A82C-6125E9327104}.Debug|Any CPU.Build.0 = Debug|Any CPU
		{DEAD5CE7-D087-4981-A82C-6125E9327104}.Debug|x86.ActiveCfg = Debug|Any CPU
		{DEAD5CE7-D087-4981-A82C-6125E9327104}.Debug|x86.Build.0 = Debug|Any CPU
		{DEAD5CE7-D087-4981-A82C-6125E9327104}.Release|Any CPU.ActiveCfg = Release|Any CPU
		{DEAD5CE7-D087-4981-A82C-6125E9327104}.Release|Any CPU.Build.0 = Release|Any CPU
		{DEAD5CE7-D087-4981-A82C-6125E9327104}.Release|x86.ActiveCfg = Release|Any CPU
		{DEAD5CE7-D087-4981-A82C-6125E9327104}.Release|x86.Build.0 = Release|Any CPU
		{AA6233FB-F448-426E-8DE0-128C17B4B904}.Debug|Any CPU.ActiveCfg = Debug|Any CPU
		{AA6233FB-F448-426E-8DE0-128C17B4B904}.Debug|Any CPU.Build.0 = Debug|Any CPU
		{AA6233FB-F448-426E-8DE0-128C17B4B904}.Debug|x86.ActiveCfg = Debug|Any CPU
		{AA6233FB-F448-426E-8DE0-128C17B4B904}.Debug|x86.Build.0 = Debug|Any CPU
		{AA6233FB-F448-426E-8DE0-128C17B4B904}.Release|Any CPU.ActiveCfg = Release|Any CPU
		{AA6233FB-F448-426E-8DE0-128C17B4B904}.Release|Any CPU.Build.0 = Release|Any CPU
		{AA6233FB-F448-426E-8DE0-128C17B4B904}.Release|x86.ActiveCfg = Release|Any CPU
		{AA6233FB-F448-426E-8DE0-128C17B4B904}.Release|x86.Build.0 = Release|Any CPU
		{1E64785A-9FF4-4676-B29D-BE8A2343220D}.Debug|Any CPU.ActiveCfg = Debug|Any CPU
		{1E64785A-9FF4-4676-B29D-BE8A2343220D}.Debug|Any CPU.Build.0 = Debug|Any CPU
		{1E64785A-9FF4-4676-B29D-BE8A2343220D}.Debug|x86.ActiveCfg = Debug|Any CPU
		{1E64785A-9FF4-4676-B29D-BE8A2343220D}.Debug|x86.Build.0 = Debug|Any CPU
		{1E64785A-9FF4-4676-B29D-BE8A2343220D}.Release|Any CPU.ActiveCfg = Release|Any CPU
		{1E64785A-9FF4-4676-B29D-BE8A2343220D}.Release|Any CPU.Build.0 = Release|Any CPU
		{1E64785A-9FF4-4676-B29D-BE8A2343220D}.Release|x86.ActiveCfg = Release|Any CPU
		{1E64785A-9FF4-4676-B29D-BE8A2343220D}.Release|x86.Build.0 = Release|Any CPU
		{2AE99794-F9D4-45CB-90C1-34A3D6BF7913}.Debug|Any CPU.ActiveCfg = Debug|x86
		{2AE99794-F9D4-45CB-90C1-34A3D6BF7913}.Debug|x86.ActiveCfg = Debug|x86
		{2AE99794-F9D4-45CB-90C1-34A3D6BF7913}.Debug|x86.Build.0 = Debug|x86
		{2AE99794-F9D4-45CB-90C1-34A3D6BF7913}.Release|Any CPU.ActiveCfg = Release|x86
		{2AE99794-F9D4-45CB-90C1-34A3D6BF7913}.Release|x86.ActiveCfg = Release|x86
		{2AE99794-F9D4-45CB-90C1-34A3D6BF7913}.Release|x86.Build.0 = Release|x86
		{3EFCFDBC-DBA7-4E15-9F58-C4631F94381B}.Debug|Any CPU.ActiveCfg = Debug|Any CPU
		{3EFCFDBC-DBA7-4E15-9F58-C4631F94381B}.Debug|Any CPU.Build.0 = Debug|Any CPU
		{3EFCFDBC-DBA7-4E15-9F58-C4631F94381B}.Debug|x86.ActiveCfg = Debug|Any CPU
		{3EFCFDBC-DBA7-4E15-9F58-C4631F94381B}.Debug|x86.Build.0 = Debug|Any CPU
		{3EFCFDBC-DBA7-4E15-9F58-C4631F94381B}.Release|Any CPU.ActiveCfg = Release|Any CPU
		{3EFCFDBC-DBA7-4E15-9F58-C4631F94381B}.Release|Any CPU.Build.0 = Release|Any CPU
		{3EFCFDBC-DBA7-4E15-9F58-C4631F94381B}.Release|x86.ActiveCfg = Release|Any CPU
		{3EFCFDBC-DBA7-4E15-9F58-C4631F94381B}.Release|x86.Build.0 = Release|Any CPU
		{81FEA21F-ED8D-4EEC-8A4D-CA4BB3C6233F}.Debug|Any CPU.ActiveCfg = Debug|x86
		{81FEA21F-ED8D-4EEC-8A4D-CA4BB3C6233F}.Debug|x86.ActiveCfg = Debug|x86
		{81FEA21F-ED8D-4EEC-8A4D-CA4BB3C6233F}.Debug|x86.Build.0 = Debug|x86
		{81FEA21F-ED8D-4EEC-8A4D-CA4BB3C6233F}.Release|Any CPU.ActiveCfg = Release|x86
		{81FEA21F-ED8D-4EEC-8A4D-CA4BB3C6233F}.Release|x86.ActiveCfg = Release|x86
		{81FEA21F-ED8D-4EEC-8A4D-CA4BB3C6233F}.Release|x86.Build.0 = Release|x86
		{BBE9EB7D-43CC-4352-B829-BC9B02E1D7E1}.Debug|Any CPU.ActiveCfg = Debug|x86
		{BBE9EB7D-43CC-4352-B829-BC9B02E1D7E1}.Debug|Any CPU.Build.0 = Debug|x86
		{BBE9EB7D-43CC-4352-B829-BC9B02E1D7E1}.Debug|x86.ActiveCfg = Debug|x86
		{BBE9EB7D-43CC-4352-B829-BC9B02E1D7E1}.Debug|x86.Build.0 = Debug|x86
		{BBE9EB7D-43CC-4352-B829-BC9B02E1D7E1}.Release|Any CPU.ActiveCfg = Release|x86
		{BBE9EB7D-43CC-4352-B829-BC9B02E1D7E1}.Release|x86.ActiveCfg = Release|x86
		{BBE9EB7D-43CC-4352-B829-BC9B02E1D7E1}.Release|x86.Build.0 = Release|x86
		{602E2C94-90C3-4EED-A4B1-3CB0AB6D9C5A}.Debug|Any CPU.ActiveCfg = Debug|Any CPU
		{602E2C94-90C3-4EED-A4B1-3CB0AB6D9C5A}.Debug|Any CPU.Build.0 = Debug|Any CPU
		{602E2C94-90C3-4EED-A4B1-3CB0AB6D9C5A}.Debug|x86.ActiveCfg = Debug|Any CPU
		{602E2C94-90C3-4EED-A4B1-3CB0AB6D9C5A}.Debug|x86.Build.0 = Debug|Any CPU
		{602E2C94-90C3-4EED-A4B1-3CB0AB6D9C5A}.Release|Any CPU.ActiveCfg = Release|Any CPU
		{602E2C94-90C3-4EED-A4B1-3CB0AB6D9C5A}.Release|Any CPU.Build.0 = Release|Any CPU
		{602E2C94-90C3-4EED-A4B1-3CB0AB6D9C5A}.Release|x86.ActiveCfg = Release|Any CPU
		{602E2C94-90C3-4EED-A4B1-3CB0AB6D9C5A}.Release|x86.Build.0 = Release|Any CPU
		{2FBB58C7-C7C6-4B90-A4DD-173319772590}.Debug|Any CPU.ActiveCfg = Debug|Any CPU
		{2FBB58C7-C7C6-4B90-A4DD-173319772590}.Debug|Any CPU.Build.0 = Debug|Any CPU
		{2FBB58C7-C7C6-4B90-A4DD-173319772590}.Debug|x86.ActiveCfg = Debug|Any CPU
		{2FBB58C7-C7C6-4B90-A4DD-173319772590}.Debug|x86.Build.0 = Debug|Any CPU
		{2FBB58C7-C7C6-4B90-A4DD-173319772590}.Release|Any CPU.ActiveCfg = Release|Any CPU
		{2FBB58C7-C7C6-4B90-A4DD-173319772590}.Release|Any CPU.Build.0 = Release|Any CPU
		{2FBB58C7-C7C6-4B90-A4DD-173319772590}.Release|x86.ActiveCfg = Release|Any CPU
		{2FBB58C7-C7C6-4B90-A4DD-173319772590}.Release|x86.Build.0 = Release|Any CPU
		{3968B9C6-4D48-4361-8AB8-E444D3326191}.Debug|Any CPU.ActiveCfg = Debug|Any CPU
		{3968B9C6-4D48-4361-8AB8-E444D3326191}.Debug|Any CPU.Build.0 = Debug|Any CPU
		{3968B9C6-4D48-4361-8AB8-E444D3326191}.Debug|x86.ActiveCfg = Debug|Any CPU
		{3968B9C6-4D48-4361-8AB8-E444D3326191}.Debug|x86.Build.0 = Debug|Any CPU
		{3968B9C6-4D48-4361-8AB8-E444D3326191}.Release|Any CPU.ActiveCfg = Release|Any CPU
		{3968B9C6-4D48-4361-8AB8-E444D3326191}.Release|Any CPU.Build.0 = Release|Any CPU
		{3968B9C6-4D48-4361-8AB8-E444D3326191}.Release|x86.ActiveCfg = Release|Any CPU
		{3968B9C6-4D48-4361-8AB8-E444D3326191}.Release|x86.Build.0 = Release|Any CPU
		{E0D6D3C6-7765-4787-9176-8DF0838A6D65}.Debug|Any CPU.ActiveCfg = Debug|Any CPU
		{E0D6D3C6-7765-4787-9176-8DF0838A6D65}.Debug|Any CPU.Build.0 = Debug|Any CPU
		{E0D6D3C6-7765-4787-9176-8DF0838A6D65}.Debug|x86.ActiveCfg = Debug|Any CPU
		{E0D6D3C6-7765-4787-9176-8DF0838A6D65}.Debug|x86.Build.0 = Debug|Any CPU
		{E0D6D3C6-7765-4787-9176-8DF0838A6D65}.Release|Any CPU.ActiveCfg = Release|Any CPU
		{E0D6D3C6-7765-4787-9176-8DF0838A6D65}.Release|Any CPU.Build.0 = Release|Any CPU
		{E0D6D3C6-7765-4787-9176-8DF0838A6D65}.Release|x86.ActiveCfg = Release|Any CPU
		{E0D6D3C6-7765-4787-9176-8DF0838A6D65}.Release|x86.Build.0 = Release|Any CPU
	EndGlobalSection
	GlobalSection(SolutionProperties) = preSolution
		HideSolutionNode = FALSE
	EndGlobalSection
	GlobalSection(ExtensibilityGlobals) = postSolution
		SolutionGuid = {12471ADD-467C-48F2-91C6-F3C5625CB061}
	EndGlobalSection
EndGlobal
